
Microsoft Visual Studio Solution File, Format Version 12.00
# Visual Studio 2013
VisualStudioVersion = 12.0.21005.1
MinimumVisualStudioVersion = 10.0.40219.1
Project("{FAE04EC0-301F-11D3-BF4B-00C04F79EFBC}") = "99. Test", "99. Test\99. Test.csproj", "{38F742B6-CDCE-4F28-B25A-6BBF3ED531EC}"
EndProject
Project("{FAE04EC0-301F-11D3-BF4B-00C04F79EFBC}") = "01. ExchangeTwoInts", "01. ExchangeTwoInts\01. ExchangeTwoInts.csproj", "{4EA7F74D-80D6-47AA-ADB1-6C5BC5500C4B}"
EndProject
Project("{FAE04EC0-301F-11D3-BF4B-00C04F79EFBC}") = "02. SignOfProductWithoutCalc", "02. SignOfProductWithoutCalc\02. SignOfProductWithoutCalc.csproj", "{AC702CB5-C73B-4059-B312-561344C9E46E}"
EndProject
Project("{FAE04EC0-301F-11D3-BF4B-00C04F79EFBC}") = "03. BiggestOf3Ints", "03. BiggestOf3Ints\03. BiggestOf3Ints.csproj", "{8A247CF0-C740-46F5-9AD2-80F7014AA435}"
EndProject
Project("{FAE04EC0-301F-11D3-BF4B-00C04F79EFBC}") = "04. Sort3ValuesDescending", "04. Sort3ValuesDescending\04. Sort3ValuesDescending.csproj", "{BEC2B362-3E34-4DD7-B9E1-5D79D8863A47}"
EndProject
Project("{FAE04EC0-301F-11D3-BF4B-00C04F79EFBC}") = "05. NameOfDigit", "05. NameOfDigit\05. NameOfDigit.csproj", "{E47DB297-5CE0-432D-8D18-4DB9897A9D07}"
EndProject
Project("{FAE04EC0-301F-11D3-BF4B-00C04F79EFBC}") = "06. QuadraticEquation", "06. QuadraticEquation\06. QuadraticEquation.csproj", "{CCBA081B-20C0-4025-AD12-C55B01AB3B9F}"
EndProject
Project("{FAE04EC0-301F-11D3-BF4B-00C04F79EFBC}") = "07. GreatestOfNnumbers", "07. GreatestOf5numbers\07. GreatestOfNnumbers.csproj", "{E2FB9829-3B6A-457C-A01B-70581C38799C}"
EndProject
Project("{FAE04EC0-301F-11D3-BF4B-00C04F79EFBC}") = "08. IntDoubleOrString", "08. IntDoubleOrString\08. IntDoubleOrString.csproj", "{45187A4C-5199-4F6F-B4DE-5C7FF266853E}"
EndProject
Project("{FAE04EC0-301F-11D3-BF4B-00C04F79EFBC}") = "10. BonusPoints", "10. BonusPoints\10. BonusPoints.csproj", "{AC462102-E7E1-4FDA-9D27-95C3CE7654AE}"
EndProject
Project("{FAE04EC0-301F-11D3-BF4B-00C04F79EFBC}") = "09. SubsetWithSum0", "09. SubsetWithSum0\09. SubsetWithSum0.csproj", "{14F43D44-C82F-4372-B76A-1356741BD3F9}"
EndProject
Project("{FAE04EC0-301F-11D3-BF4B-00C04F79EFBC}") = "07. GreatestOfNnumbers_ver2", "07. 07. GreatestOfNnumbers\07. GreatestOfNnumbers_ver2.csproj", "{3118AC8E-BBC1-4524-9313-A7FADC757C5B}"
EndProject
Project("{FAE04EC0-301F-11D3-BF4B-00C04F79EFBC}") = "11. NumbersToText", "11. NumbersToText\11. NumbersToText.csproj", "{1C608954-2244-4F88-B0A8-5BAF7B3F843E}"
EndProject
Global
	GlobalSection(SolutionConfigurationPlatforms) = preSolution
		Debug|Any CPU = Debug|Any CPU
		Release|Any CPU = Release|Any CPU
	EndGlobalSection
	GlobalSection(ProjectConfigurationPlatforms) = postSolution
		{38F742B6-CDCE-4F28-B25A-6BBF3ED531EC}.Debug|Any CPU.ActiveCfg = Debug|Any CPU
		{38F742B6-CDCE-4F28-B25A-6BBF3ED531EC}.Debug|Any CPU.Build.0 = Debug|Any CPU
		{38F742B6-CDCE-4F28-B25A-6BBF3ED531EC}.Release|Any CPU.ActiveCfg = Release|Any CPU
		{38F742B6-CDCE-4F28-B25A-6BBF3ED531EC}.Release|Any CPU.Build.0 = Release|Any CPU
		{4EA7F74D-80D6-47AA-ADB1-6C5BC5500C4B}.Debug|Any CPU.ActiveCfg = Debug|Any CPU
		{4EA7F74D-80D6-47AA-ADB1-6C5BC5500C4B}.Debug|Any CPU.Build.0 = Debug|Any CPU
		{4EA7F74D-80D6-47AA-ADB1-6C5BC5500C4B}.Release|Any CPU.ActiveCfg = Release|Any CPU
		{4EA7F74D-80D6-47AA-ADB1-6C5BC5500C4B}.Release|Any CPU.Build.0 = Release|Any CPU
		{AC702CB5-C73B-4059-B312-561344C9E46E}.Debug|Any CPU.ActiveCfg = Debug|Any CPU
		{AC702CB5-C73B-4059-B312-561344C9E46E}.Debug|Any CPU.Build.0 = Debug|Any CPU
		{AC702CB5-C73B-4059-B312-561344C9E46E}.Release|Any CPU.ActiveCfg = Release|Any CPU
		{AC702CB5-C73B-4059-B312-561344C9E46E}.Release|Any CPU.Build.0 = Release|Any CPU
		{8A247CF0-C740-46F5-9AD2-80F7014AA435}.Debug|Any CPU.ActiveCfg = Debug|Any CPU
		{8A247CF0-C740-46F5-9AD2-80F7014AA435}.Debug|Any CPU.Build.0 = Debug|Any CPU
		{8A247CF0-C740-46F5-9AD2-80F7014AA435}.Release|Any CPU.ActiveCfg = Release|Any CPU
		{8A247CF0-C740-46F5-9AD2-80F7014AA435}.Release|Any CPU.Build.0 = Release|Any CPU
		{BEC2B362-3E34-4DD7-B9E1-5D79D8863A47}.Debug|Any CPU.ActiveCfg = Debug|Any CPU
		{BEC2B362-3E34-4DD7-B9E1-5D79D8863A47}.Debug|Any CPU.Build.0 = Debug|Any CPU
		{BEC2B362-3E34-4DD7-B9E1-5D79D8863A47}.Release|Any CPU.ActiveCfg = Release|Any CPU
		{BEC2B362-3E34-4DD7-B9E1-5D79D8863A47}.Release|Any CPU.Build.0 = Release|Any CPU
		{E47DB297-5CE0-432D-8D18-4DB9897A9D07}.Debug|Any CPU.ActiveCfg = Debug|Any CPU
		{E47DB297-5CE0-432D-8D18-4DB9897A9D07}.Debug|Any CPU.Build.0 = Debug|Any CPU
		{E47DB297-5CE0-432D-8D18-4DB9897A9D07}.Release|Any CPU.ActiveCfg = Release|Any CPU
		{E47DB297-5CE0-432D-8D18-4DB9897A9D07}.Release|Any CPU.Build.0 = Release|Any CPU
		{CCBA081B-20C0-4025-AD12-C55B01AB3B9F}.Debug|Any CPU.ActiveCfg = Debug|Any CPU
		{CCBA081B-20C0-4025-AD12-C55B01AB3B9F}.Debug|Any CPU.Build.0 = Debug|Any CPU
		{CCBA081B-20C0-4025-AD12-C55B01AB3B9F}.Release|Any CPU.ActiveCfg = Release|Any CPU
		{CCBA081B-20C0-4025-AD12-C55B01AB3B9F}.Release|Any CPU.Build.0 = Release|Any CPU
		{E2FB9829-3B6A-457C-A01B-70581C38799C}.Debug|Any CPU.ActiveCfg = Debug|Any CPU
		{E2FB9829-3B6A-457C-A01B-70581C38799C}.Debug|Any CPU.Build.0 = Debug|Any CPU
		{E2FB9829-3B6A-457C-A01B-70581C38799C}.Release|Any CPU.ActiveCfg = Release|Any CPU
		{E2FB9829-3B6A-457C-A01B-70581C38799C}.Release|Any CPU.Build.0 = Release|Any CPU
		{45187A4C-5199-4F6F-B4DE-5C7FF266853E}.Debug|Any CPU.ActiveCfg = Debug|Any CPU
		{45187A4C-5199-4F6F-B4DE-5C7FF266853E}.Debug|Any CPU.Build.0 = Debug|Any CPU
		{45187A4C-5199-4F6F-B4DE-5C7FF266853E}.Release|Any CPU.ActiveCfg = Release|Any CPU
		{45187A4C-5199-4F6F-B4DE-5C7FF266853E}.Release|Any CPU.Build.0 = Release|Any CPU
		{AC462102-E7E1-4FDA-9D27-95C3CE7654AE}.Debug|Any CPU.ActiveCfg = Debug|Any CPU
		{AC462102-E7E1-4FDA-9D27-95C3CE7654AE}.Debug|Any CPU.Build.0 = Debug|Any CPU
		{AC462102-E7E1-4FDA-9D27-95C3CE7654AE}.Release|Any CPU.ActiveCfg = Release|Any CPU
		{AC462102-E7E1-4FDA-9D27-95C3CE7654AE}.Release|Any CPU.Build.0 = Release|Any CPU
		{14F43D44-C82F-4372-B76A-1356741BD3F9}.Debug|Any CPU.ActiveCfg = Debug|Any CPU
		{14F43D44-C82F-4372-B76A-1356741BD3F9}.Debug|Any CPU.Build.0 = Debug|Any CPU
		{14F43D44-C82F-4372-B76A-1356741BD3F9}.Release|Any CPU.ActiveCfg = Release|Any CPU
		{14F43D44-C82F-4372-B76A-1356741BD3F9}.Release|Any CPU.Build.0 = Release|Any CPU
		{3118AC8E-BBC1-4524-9313-A7FADC757C5B}.Debug|Any CPU.ActiveCfg = Debug|Any CPU
		{3118AC8E-BBC1-4524-9313-A7FADC757C5B}.Debug|Any CPU.Build.0 = Debug|Any CPU
		{3118AC8E-BBC1-4524-9313-A7FADC757C5B}.Release|Any CPU.ActiveCfg = Release|Any CPU
		{3118AC8E-BBC1-4524-9313-A7FADC757C5B}.Release|Any CPU.Build.0 = Release|Any CPU
		{1C608954-2244-4F88-B0A8-5BAF7B3F843E}.Debug|Any CPU.ActiveCfg = Debug|Any CPU
		{1C608954-2244-4F88-B0A8-5BAF7B3F843E}.Debug|Any CPU.Build.0 = Debug|Any CPU
		{1C608954-2244-4F88-B0A8-5BAF7B3F843E}.Release|Any CPU.ActiveCfg = Release|Any CPU
		{1C608954-2244-4F88-B0A8-5BAF7B3F843E}.Release|Any CPU.Build.0 = Release|Any CPU
	EndGlobalSection
	GlobalSection(SolutionProperties) = preSolution
		HideSolutionNode = FALSE
	EndGlobalSection
EndGlobal
