
Microsoft Visual Studio Solution File, Format Version 12.00
# Visual Studio 2013
VisualStudioVersion = 12.0.31101.0
MinimumVisualStudioVersion = 10.0.40219.1
Project("{FAE04EC0-301F-11D3-BF4B-00C04F79EFBC}") = "01.SayHello", "01.SayHello\01.SayHello.csproj", "{B82ECE9E-C60C-498E-A125-5002C76F7482}"
EndProject
Project("{FAE04EC0-301F-11D3-BF4B-00C04F79EFBC}") = "02.GetLargestNumber", "02.GetLargestNumber\02.GetLargestNumber.csproj", "{60A290F1-72CA-40E9-9512-F302AE3B7EF3}"
EndProject
Project("{FAE04EC0-301F-11D3-BF4B-00C04F79EFBC}") = "03.EnglishDigit", "03.EnglishDigit\03.EnglishDigit.csproj", "{CAE65905-7CCF-410B-988C-6D699B73FCC4}"
EndProject
Project("{FAE04EC0-301F-11D3-BF4B-00C04F79EFBC}") = "04.AppearanceCount", "04.AppearanceCount\04.AppearanceCount.csproj", "{4A59A60F-5E16-4574-B6D2-F24FF7B5B76C}"
EndProject
Project("{FAE04EC0-301F-11D3-BF4B-00C04F79EFBC}") = "05.LargerThanNeighbours", "05.LargerThanNeighbours\05.LargerThanNeighbours.csproj", "{D278E423-06DC-4379-B0C5-450371EE0114}"
EndProject
Project("{FAE04EC0-301F-11D3-BF4B-00C04F79EFBC}") = "06.FirstLargerThanNeighbours", "06.FirstLargerThanNeighbours\06.FirstLargerThanNeighbours.csproj", "{F68BC24C-E613-4B1C-81B5-2CA178B97678}"
EndProject
Project("{FAE04EC0-301F-11D3-BF4B-00C04F79EFBC}") = "07.ReverseNumber", "07.ReverseNumber\07.ReverseNumber.csproj", "{AF84D568-6A0B-4829-9884-05F5466BDCA7}"
EndProject
Project("{FAE04EC0-301F-11D3-BF4B-00C04F79EFBC}") = "08.NumberAsArray", "08.NumberAsArray\08.NumberAsArray.csproj", "{3F2FAA7B-E3AB-4C9C-836C-D827FC2A4CAD}"
EndProject
Project("{FAE04EC0-301F-11D3-BF4B-00C04F79EFBC}") = "09.SortingArray", "09.SortingArray\09.SortingArray.csproj", "{5DFA89A0-100F-4B0C-82B4-514BA6B0868E}"
EndProject
Project("{FAE04EC0-301F-11D3-BF4B-00C04F79EFBC}") = "10.NFactorial", "10.NFactorial\10.NFactorial.csproj", "{7124C45E-DA01-4CBF-8FDB-687866802902}"
EndProject
Project("{FAE04EC0-301F-11D3-BF4B-00C04F79EFBC}") = "11.AddingPolynomials", "11.AddingPolynomials\11.AddingPolynomials.csproj", "{B11845B9-B379-4938-BEAD-1C8CBB493460}"
EndProject
Project("{FAE04EC0-301F-11D3-BF4B-00C04F79EFBC}") = "12.SubstractingPolynomials", "12.SubstractingPolynomials\12.SubstractingPolynomials.csproj", "{7328A9AE-B961-4A6B-B28E-A0388E33AC61}"
EndProject
Project("{FAE04EC0-301F-11D3-BF4B-00C04F79EFBC}") = "13.SolveTasks", "13.SolveTasks\13.SolveTasks.csproj", "{F90BB146-5533-4776-A6BD-B728F64D4907}"
EndProject
Project("{FAE04EC0-301F-11D3-BF4B-00C04F79EFBC}") = "14.IntegerCalculations", "14.IntegerCalculations\14.IntegerCalculations.csproj", "{E0FD86AC-DBEC-4649-8873-F247AE325843}"
EndProject
Project("{FAE04EC0-301F-11D3-BF4B-00C04F79EFBC}") = "15.NumberCalculations", "15.NumberCalculations\15.NumberCalculations.csproj", "{B3625BB1-E9AF-4A26-89B1-E2F47BC46E47}"
EndProject
Global
	GlobalSection(SolutionConfigurationPlatforms) = preSolution
		Debug|Any CPU = Debug|Any CPU
		Release|Any CPU = Release|Any CPU
	EndGlobalSection
	GlobalSection(ProjectConfigurationPlatforms) = postSolution
		{B82ECE9E-C60C-498E-A125-5002C76F7482}.Debug|Any CPU.ActiveCfg = Debug|Any CPU
		{B82ECE9E-C60C-498E-A125-5002C76F7482}.Debug|Any CPU.Build.0 = Debug|Any CPU
		{B82ECE9E-C60C-498E-A125-5002C76F7482}.Release|Any CPU.ActiveCfg = Release|Any CPU
		{B82ECE9E-C60C-498E-A125-5002C76F7482}.Release|Any CPU.Build.0 = Release|Any CPU
		{60A290F1-72CA-40E9-9512-F302AE3B7EF3}.Debug|Any CPU.ActiveCfg = Debug|Any CPU
		{60A290F1-72CA-40E9-9512-F302AE3B7EF3}.Debug|Any CPU.Build.0 = Debug|Any CPU
		{60A290F1-72CA-40E9-9512-F302AE3B7EF3}.Release|Any CPU.ActiveCfg = Release|Any CPU
		{60A290F1-72CA-40E9-9512-F302AE3B7EF3}.Release|Any CPU.Build.0 = Release|Any CPU
		{CAE65905-7CCF-410B-988C-6D699B73FCC4}.Debug|Any CPU.ActiveCfg = Debug|Any CPU
		{CAE65905-7CCF-410B-988C-6D699B73FCC4}.Debug|Any CPU.Build.0 = Debug|Any CPU
		{CAE65905-7CCF-410B-988C-6D699B73FCC4}.Release|Any CPU.ActiveCfg = Release|Any CPU
		{CAE65905-7CCF-410B-988C-6D699B73FCC4}.Release|Any CPU.Build.0 = Release|Any CPU
		{4A59A60F-5E16-4574-B6D2-F24FF7B5B76C}.Debug|Any CPU.ActiveCfg = Debug|Any CPU
		{4A59A60F-5E16-4574-B6D2-F24FF7B5B76C}.Debug|Any CPU.Build.0 = Debug|Any CPU
		{4A59A60F-5E16-4574-B6D2-F24FF7B5B76C}.Release|Any CPU.ActiveCfg = Release|Any CPU
		{4A59A60F-5E16-4574-B6D2-F24FF7B5B76C}.Release|Any CPU.Build.0 = Release|Any CPU
		{D278E423-06DC-4379-B0C5-450371EE0114}.Debug|Any CPU.ActiveCfg = Debug|Any CPU
		{D278E423-06DC-4379-B0C5-450371EE0114}.Debug|Any CPU.Build.0 = Debug|Any CPU
		{D278E423-06DC-4379-B0C5-450371EE0114}.Release|Any CPU.ActiveCfg = Release|Any CPU
		{D278E423-06DC-4379-B0C5-450371EE0114}.Release|Any CPU.Build.0 = Release|Any CPU
		{F68BC24C-E613-4B1C-81B5-2CA178B97678}.Debug|Any CPU.ActiveCfg = Debug|Any CPU
		{F68BC24C-E613-4B1C-81B5-2CA178B97678}.Debug|Any CPU.Build.0 = Debug|Any CPU
		{F68BC24C-E613-4B1C-81B5-2CA178B97678}.Release|Any CPU.ActiveCfg = Release|Any CPU
		{F68BC24C-E613-4B1C-81B5-2CA178B97678}.Release|Any CPU.Build.0 = Release|Any CPU
		{AF84D568-6A0B-4829-9884-05F5466BDCA7}.Debug|Any CPU.ActiveCfg = Debug|Any CPU
		{AF84D568-6A0B-4829-9884-05F5466BDCA7}.Debug|Any CPU.Build.0 = Debug|Any CPU
		{AF84D568-6A0B-4829-9884-05F5466BDCA7}.Release|Any CPU.ActiveCfg = Release|Any CPU
		{AF84D568-6A0B-4829-9884-05F5466BDCA7}.Release|Any CPU.Build.0 = Release|Any CPU
		{3F2FAA7B-E3AB-4C9C-836C-D827FC2A4CAD}.Debug|Any CPU.ActiveCfg = Debug|Any CPU
		{3F2FAA7B-E3AB-4C9C-836C-D827FC2A4CAD}.Debug|Any CPU.Build.0 = Debug|Any CPU
		{3F2FAA7B-E3AB-4C9C-836C-D827FC2A4CAD}.Release|Any CPU.ActiveCfg = Release|Any CPU
		{3F2FAA7B-E3AB-4C9C-836C-D827FC2A4CAD}.Release|Any CPU.Build.0 = Release|Any CPU
		{5DFA89A0-100F-4B0C-82B4-514BA6B0868E}.Debug|Any CPU.ActiveCfg = Debug|Any CPU
		{5DFA89A0-100F-4B0C-82B4-514BA6B0868E}.Debug|Any CPU.Build.0 = Debug|Any CPU
		{5DFA89A0-100F-4B0C-82B4-514BA6B0868E}.Release|Any CPU.ActiveCfg = Release|Any CPU
		{5DFA89A0-100F-4B0C-82B4-514BA6B0868E}.Release|Any CPU.Build.0 = Release|Any CPU
		{7124C45E-DA01-4CBF-8FDB-687866802902}.Debug|Any CPU.ActiveCfg = Debug|Any CPU
		{7124C45E-DA01-4CBF-8FDB-687866802902}.Debug|Any CPU.Build.0 = Debug|Any CPU
		{7124C45E-DA01-4CBF-8FDB-687866802902}.Release|Any CPU.ActiveCfg = Release|Any CPU
		{7124C45E-DA01-4CBF-8FDB-687866802902}.Release|Any CPU.Build.0 = Release|Any CPU
		{B11845B9-B379-4938-BEAD-1C8CBB493460}.Debug|Any CPU.ActiveCfg = Debug|Any CPU
		{B11845B9-B379-4938-BEAD-1C8CBB493460}.Debug|Any CPU.Build.0 = Debug|Any CPU
		{B11845B9-B379-4938-BEAD-1C8CBB493460}.Release|Any CPU.ActiveCfg = Release|Any CPU
		{B11845B9-B379-4938-BEAD-1C8CBB493460}.Release|Any CPU.Build.0 = Release|Any CPU
		{7328A9AE-B961-4A6B-B28E-A0388E33AC61}.Debug|Any CPU.ActiveCfg = Debug|Any CPU
		{7328A9AE-B961-4A6B-B28E-A0388E33AC61}.Debug|Any CPU.Build.0 = Debug|Any CPU
		{7328A9AE-B961-4A6B-B28E-A0388E33AC61}.Release|Any CPU.ActiveCfg = Release|Any CPU
		{7328A9AE-B961-4A6B-B28E-A0388E33AC61}.Release|Any CPU.Build.0 = Release|Any CPU
		{F90BB146-5533-4776-A6BD-B728F64D4907}.Debug|Any CPU.ActiveCfg = Debug|Any CPU
		{F90BB146-5533-4776-A6BD-B728F64D4907}.Debug|Any CPU.Build.0 = Debug|Any CPU
		{F90BB146-5533-4776-A6BD-B728F64D4907}.Release|Any CPU.ActiveCfg = Release|Any CPU
		{F90BB146-5533-4776-A6BD-B728F64D4907}.Release|Any CPU.Build.0 = Release|Any CPU
		{E0FD86AC-DBEC-4649-8873-F247AE325843}.Debug|Any CPU.ActiveCfg = Debug|Any CPU
		{E0FD86AC-DBEC-4649-8873-F247AE325843}.Debug|Any CPU.Build.0 = Debug|Any CPU
		{E0FD86AC-DBEC-4649-8873-F247AE325843}.Release|Any CPU.ActiveCfg = Release|Any CPU
		{E0FD86AC-DBEC-4649-8873-F247AE325843}.Release|Any CPU.Build.0 = Release|Any CPU
		{B3625BB1-E9AF-4A26-89B1-E2F47BC46E47}.Debug|Any CPU.ActiveCfg = Debug|Any CPU
		{B3625BB1-E9AF-4A26-89B1-E2F47BC46E47}.Debug|Any CPU.Build.0 = Debug|Any CPU
		{B3625BB1-E9AF-4A26-89B1-E2F47BC46E47}.Release|Any CPU.ActiveCfg = Release|Any CPU
		{B3625BB1-E9AF-4A26-89B1-E2F47BC46E47}.Release|Any CPU.Build.0 = Release|Any CPU
	EndGlobalSection
	GlobalSection(SolutionProperties) = preSolution
		HideSolutionNode = FALSE
	EndGlobalSection
EndGlobal
