
Microsoft Visual Studio Solution File, Format Version 12.00
# Visual Studio 2013
VisualStudioVersion = 12.0.21005.1
MinimumVisualStudioVersion = 10.0.40219.1
Project("{FAE04EC0-301F-11D3-BF4B-00C04F79EFBC}") = "01. EvenOrOdd", "01. EvenOrOdd\01. EvenOrOdd.csproj", "{7802F08A-7DE9-4301-8505-0FEF726608FF}"
EndProject
Project("{FAE04EC0-301F-11D3-BF4B-00C04F79EFBC}") = "02. DivideBy5and7", "02. DivideBy5and7\02. DivideBy5and7.csproj", "{9530C05D-4196-45CE-92F7-93C77A3C6867}"
EndProject
Project("{FAE04EC0-301F-11D3-BF4B-00C04F79EFBC}") = "03. ThirdSignSolution1", "03. ThirdSign\03. ThirdSignSolution1.csproj", "{1A21EA90-73DD-43DE-94A5-732DF63DB519}"
EndProject
Project("{FAE04EC0-301F-11D3-BF4B-00C04F79EFBC}") = "03. ThirdSignSolution2", "03. ThirdSign - solution2\03. ThirdSignSolution2.csproj", "{DF9B0A6B-F289-424E-A47D-234E7087A4B4}"
EndProject
Project("{FAE04EC0-301F-11D3-BF4B-00C04F79EFBC}") = "04. IsThirdBit0or1", "04. IsThirdBit0or1\04. IsThirdBit0or1.csproj", "{202E73E5-1205-4D96-B298-CF113DFF3452}"
EndProject
Project("{FAE04EC0-301F-11D3-BF4B-00C04F79EFBC}") = "05. TrapezoidArea", "05. TrapezoidArea\05. TrapezoidArea.csproj", "{E95206C1-B972-4426-AF2B-BB5B674CAF7A}"
EndProject
Project("{FAE04EC0-301F-11D3-BF4B-00C04F79EFBC}") = "06. RectanglePerimeterArea", "06. RectanglePerimeterArea\06. RectanglePerimeterArea.csproj", "{AE030CBF-A338-4B65-B8EB-7492ECEEF0CA}"
EndProject
Project("{FAE04EC0-301F-11D3-BF4B-00C04F79EFBC}") = "07. LunarGravity", "07. LunarGravity\07. LunarGravity.csproj", "{40CFFB80-3885-49D2-B23D-EC44B89704B5}"
EndProject
Project("{FAE04EC0-301F-11D3-BF4B-00C04F79EFBC}") = "08. IsThePointInTheCircle", "08. IsThePointInTheCircle\08. IsThePointInTheCircle.csproj", "{D2DD286C-FC10-4755-9DDE-C254F04F4C2F}"
EndProject
Project("{FAE04EC0-301F-11D3-BF4B-00C04F79EFBC}") = "09. IsPointInCircleAndOutsideRect", "09. IsPointInCircleAndOutsideRect\09. IsPointInCircleAndOutsideRect.csproj", "{DFD2CE44-C21F-4662-8F55-574DE05BA5EC}"
EndProject
Project("{FAE04EC0-301F-11D3-BF4B-00C04F79EFBC}") = "Test", "Test\Test.csproj", "{9C9F410D-CCFD-4F54-BFDF-3290EE0F7F1F}"
EndProject
Project("{FAE04EC0-301F-11D3-BF4B-00C04F79EFBC}") = "10. Four-DigitNumber-solution1", "10. FourDigitNumber\10. Four-DigitNumber-solution1.csproj", "{9AFF84A4-BB47-4447-BEE0-7AC22C2D2736}"
EndProject
Project("{FAE04EC0-301F-11D3-BF4B-00C04F79EFBC}") = "10. Four-DigitNumber-solution2", "10. 10. Four-DigitNumber-solution2\10. Four-DigitNumber-solution2.csproj", "{F609A501-D2A6-41D9-AEFF-1AD0DD7958F6}"
EndProject
Project("{FAE04EC0-301F-11D3-BF4B-00C04F79EFBC}") = "11. PrintBitOnPosInNumber", "11. PrintBitOnPosInNumber\11. PrintBitOnPosInNumber.csproj", "{BE239B11-A324-4D19-8B8F-6E62EB299314}"
EndProject
Project("{FAE04EC0-301F-11D3-BF4B-00C04F79EFBC}") = "12. IsBitOnPos1", "12. IsBitOnPos1\12. IsBitOnPos1.csproj", "{73EC7C99-8046-47CD-8B05-2378E46DC6A6}"
EndProject
Project("{FAE04EC0-301F-11D3-BF4B-00C04F79EFBC}") = "13. ChangeNToChangeV", "13. ChangeNToChangeV\13. ChangeNToChangeV.csproj", "{F4934113-5D3D-4368-90A8-61BDD4B05733}"
EndProject
Project("{FAE04EC0-301F-11D3-BF4B-00C04F79EFBC}") = "14. IsPrime", "14. IsPrime\14. IsPrime.csproj", "{E09F548B-3493-4569-B5BF-2484DC5412B4}"
EndProject
Project("{FAE04EC0-301F-11D3-BF4B-00C04F79EFBC}") = "15. ChangeBits3,4,5-24,25,26", "15. ChangeBits3,4,5-24,25,26\15. ChangeBits3,4,5-24,25,26.csproj", "{2C21C593-A3BF-4F0F-BF86-7D6BEEE44920}"
EndProject
Project("{FAE04EC0-301F-11D3-BF4B-00C04F79EFBC}") = "16. ChangeBits(p,p+1,...p+k-1)to(q,q+1,q+k-1)", "16. ChangeBits(p,p+1,...p+k-1)to(q,q+1,q+k-1)\16. ChangeBits(p,p+1,...p+k-1)to(q,q+1,q+k-1).csproj", "{D46C7C9F-D6D2-48AF-BF22-89B4A6005899}"
EndProject
Global
	GlobalSection(SolutionConfigurationPlatforms) = preSolution
		Debug|Any CPU = Debug|Any CPU
		Release|Any CPU = Release|Any CPU
	EndGlobalSection
	GlobalSection(ProjectConfigurationPlatforms) = postSolution
		{7802F08A-7DE9-4301-8505-0FEF726608FF}.Debug|Any CPU.ActiveCfg = Debug|Any CPU
		{7802F08A-7DE9-4301-8505-0FEF726608FF}.Debug|Any CPU.Build.0 = Debug|Any CPU
		{7802F08A-7DE9-4301-8505-0FEF726608FF}.Release|Any CPU.ActiveCfg = Release|Any CPU
		{7802F08A-7DE9-4301-8505-0FEF726608FF}.Release|Any CPU.Build.0 = Release|Any CPU
		{9530C05D-4196-45CE-92F7-93C77A3C6867}.Debug|Any CPU.ActiveCfg = Debug|Any CPU
		{9530C05D-4196-45CE-92F7-93C77A3C6867}.Debug|Any CPU.Build.0 = Debug|Any CPU
		{9530C05D-4196-45CE-92F7-93C77A3C6867}.Release|Any CPU.ActiveCfg = Release|Any CPU
		{9530C05D-4196-45CE-92F7-93C77A3C6867}.Release|Any CPU.Build.0 = Release|Any CPU
		{1A21EA90-73DD-43DE-94A5-732DF63DB519}.Debug|Any CPU.ActiveCfg = Debug|Any CPU
		{1A21EA90-73DD-43DE-94A5-732DF63DB519}.Debug|Any CPU.Build.0 = Debug|Any CPU
		{1A21EA90-73DD-43DE-94A5-732DF63DB519}.Release|Any CPU.ActiveCfg = Release|Any CPU
		{1A21EA90-73DD-43DE-94A5-732DF63DB519}.Release|Any CPU.Build.0 = Release|Any CPU
		{DF9B0A6B-F289-424E-A47D-234E7087A4B4}.Debug|Any CPU.ActiveCfg = Debug|Any CPU
		{DF9B0A6B-F289-424E-A47D-234E7087A4B4}.Debug|Any CPU.Build.0 = Debug|Any CPU
		{DF9B0A6B-F289-424E-A47D-234E7087A4B4}.Release|Any CPU.ActiveCfg = Release|Any CPU
		{DF9B0A6B-F289-424E-A47D-234E7087A4B4}.Release|Any CPU.Build.0 = Release|Any CPU
		{202E73E5-1205-4D96-B298-CF113DFF3452}.Debug|Any CPU.ActiveCfg = Debug|Any CPU
		{202E73E5-1205-4D96-B298-CF113DFF3452}.Debug|Any CPU.Build.0 = Debug|Any CPU
		{202E73E5-1205-4D96-B298-CF113DFF3452}.Release|Any CPU.ActiveCfg = Release|Any CPU
		{202E73E5-1205-4D96-B298-CF113DFF3452}.Release|Any CPU.Build.0 = Release|Any CPU
		{E95206C1-B972-4426-AF2B-BB5B674CAF7A}.Debug|Any CPU.ActiveCfg = Debug|Any CPU
		{E95206C1-B972-4426-AF2B-BB5B674CAF7A}.Debug|Any CPU.Build.0 = Debug|Any CPU
		{E95206C1-B972-4426-AF2B-BB5B674CAF7A}.Release|Any CPU.ActiveCfg = Release|Any CPU
		{E95206C1-B972-4426-AF2B-BB5B674CAF7A}.Release|Any CPU.Build.0 = Release|Any CPU
		{AE030CBF-A338-4B65-B8EB-7492ECEEF0CA}.Debug|Any CPU.ActiveCfg = Debug|Any CPU
		{AE030CBF-A338-4B65-B8EB-7492ECEEF0CA}.Debug|Any CPU.Build.0 = Debug|Any CPU
		{AE030CBF-A338-4B65-B8EB-7492ECEEF0CA}.Release|Any CPU.ActiveCfg = Release|Any CPU
		{AE030CBF-A338-4B65-B8EB-7492ECEEF0CA}.Release|Any CPU.Build.0 = Release|Any CPU
		{40CFFB80-3885-49D2-B23D-EC44B89704B5}.Debug|Any CPU.ActiveCfg = Debug|Any CPU
		{40CFFB80-3885-49D2-B23D-EC44B89704B5}.Debug|Any CPU.Build.0 = Debug|Any CPU
		{40CFFB80-3885-49D2-B23D-EC44B89704B5}.Release|Any CPU.ActiveCfg = Release|Any CPU
		{40CFFB80-3885-49D2-B23D-EC44B89704B5}.Release|Any CPU.Build.0 = Release|Any CPU
		{D2DD286C-FC10-4755-9DDE-C254F04F4C2F}.Debug|Any CPU.ActiveCfg = Debug|Any CPU
		{D2DD286C-FC10-4755-9DDE-C254F04F4C2F}.Debug|Any CPU.Build.0 = Debug|Any CPU
		{D2DD286C-FC10-4755-9DDE-C254F04F4C2F}.Release|Any CPU.ActiveCfg = Release|Any CPU
		{D2DD286C-FC10-4755-9DDE-C254F04F4C2F}.Release|Any CPU.Build.0 = Release|Any CPU
		{DFD2CE44-C21F-4662-8F55-574DE05BA5EC}.Debug|Any CPU.ActiveCfg = Debug|Any CPU
		{DFD2CE44-C21F-4662-8F55-574DE05BA5EC}.Debug|Any CPU.Build.0 = Debug|Any CPU
		{DFD2CE44-C21F-4662-8F55-574DE05BA5EC}.Release|Any CPU.ActiveCfg = Release|Any CPU
		{DFD2CE44-C21F-4662-8F55-574DE05BA5EC}.Release|Any CPU.Build.0 = Release|Any CPU
		{9C9F410D-CCFD-4F54-BFDF-3290EE0F7F1F}.Debug|Any CPU.ActiveCfg = Debug|Any CPU
		{9C9F410D-CCFD-4F54-BFDF-3290EE0F7F1F}.Debug|Any CPU.Build.0 = Debug|Any CPU
		{9C9F410D-CCFD-4F54-BFDF-3290EE0F7F1F}.Release|Any CPU.ActiveCfg = Release|Any CPU
		{9C9F410D-CCFD-4F54-BFDF-3290EE0F7F1F}.Release|Any CPU.Build.0 = Release|Any CPU
		{9AFF84A4-BB47-4447-BEE0-7AC22C2D2736}.Debug|Any CPU.ActiveCfg = Debug|Any CPU
		{9AFF84A4-BB47-4447-BEE0-7AC22C2D2736}.Debug|Any CPU.Build.0 = Debug|Any CPU
		{9AFF84A4-BB47-4447-BEE0-7AC22C2D2736}.Release|Any CPU.ActiveCfg = Release|Any CPU
		{9AFF84A4-BB47-4447-BEE0-7AC22C2D2736}.Release|Any CPU.Build.0 = Release|Any CPU
		{F609A501-D2A6-41D9-AEFF-1AD0DD7958F6}.Debug|Any CPU.ActiveCfg = Debug|Any CPU
		{F609A501-D2A6-41D9-AEFF-1AD0DD7958F6}.Debug|Any CPU.Build.0 = Debug|Any CPU
		{F609A501-D2A6-41D9-AEFF-1AD0DD7958F6}.Release|Any CPU.ActiveCfg = Release|Any CPU
		{F609A501-D2A6-41D9-AEFF-1AD0DD7958F6}.Release|Any CPU.Build.0 = Release|Any CPU
		{BE239B11-A324-4D19-8B8F-6E62EB299314}.Debug|Any CPU.ActiveCfg = Debug|Any CPU
		{BE239B11-A324-4D19-8B8F-6E62EB299314}.Debug|Any CPU.Build.0 = Debug|Any CPU
		{BE239B11-A324-4D19-8B8F-6E62EB299314}.Release|Any CPU.ActiveCfg = Release|Any CPU
		{BE239B11-A324-4D19-8B8F-6E62EB299314}.Release|Any CPU.Build.0 = Release|Any CPU
		{73EC7C99-8046-47CD-8B05-2378E46DC6A6}.Debug|Any CPU.ActiveCfg = Debug|Any CPU
		{73EC7C99-8046-47CD-8B05-2378E46DC6A6}.Debug|Any CPU.Build.0 = Debug|Any CPU
		{73EC7C99-8046-47CD-8B05-2378E46DC6A6}.Release|Any CPU.ActiveCfg = Release|Any CPU
		{73EC7C99-8046-47CD-8B05-2378E46DC6A6}.Release|Any CPU.Build.0 = Release|Any CPU
		{F4934113-5D3D-4368-90A8-61BDD4B05733}.Debug|Any CPU.ActiveCfg = Debug|Any CPU
		{F4934113-5D3D-4368-90A8-61BDD4B05733}.Debug|Any CPU.Build.0 = Debug|Any CPU
		{F4934113-5D3D-4368-90A8-61BDD4B05733}.Release|Any CPU.ActiveCfg = Release|Any CPU
		{F4934113-5D3D-4368-90A8-61BDD4B05733}.Release|Any CPU.Build.0 = Release|Any CPU
		{E09F548B-3493-4569-B5BF-2484DC5412B4}.Debug|Any CPU.ActiveCfg = Debug|Any CPU
		{E09F548B-3493-4569-B5BF-2484DC5412B4}.Debug|Any CPU.Build.0 = Debug|Any CPU
		{E09F548B-3493-4569-B5BF-2484DC5412B4}.Release|Any CPU.ActiveCfg = Release|Any CPU
		{E09F548B-3493-4569-B5BF-2484DC5412B4}.Release|Any CPU.Build.0 = Release|Any CPU
		{2C21C593-A3BF-4F0F-BF86-7D6BEEE44920}.Debug|Any CPU.ActiveCfg = Debug|Any CPU
		{2C21C593-A3BF-4F0F-BF86-7D6BEEE44920}.Debug|Any CPU.Build.0 = Debug|Any CPU
		{2C21C593-A3BF-4F0F-BF86-7D6BEEE44920}.Release|Any CPU.ActiveCfg = Release|Any CPU
		{2C21C593-A3BF-4F0F-BF86-7D6BEEE44920}.Release|Any CPU.Build.0 = Release|Any CPU
		{D46C7C9F-D6D2-48AF-BF22-89B4A6005899}.Debug|Any CPU.ActiveCfg = Debug|Any CPU
		{D46C7C9F-D6D2-48AF-BF22-89B4A6005899}.Debug|Any CPU.Build.0 = Debug|Any CPU
		{D46C7C9F-D6D2-48AF-BF22-89B4A6005899}.Release|Any CPU.ActiveCfg = Release|Any CPU
		{D46C7C9F-D6D2-48AF-BF22-89B4A6005899}.Release|Any CPU.Build.0 = Release|Any CPU
	EndGlobalSection
	GlobalSection(SolutionProperties) = preSolution
		HideSolutionNode = FALSE
	EndGlobalSection
EndGlobal
