
Microsoft Visual Studio Solution File, Format Version 12.00
# Visual Studio 2013
VisualStudioVersion = 12.0.21005.1
MinimumVisualStudioVersion = 10.0.40219.1
Project("{FAE04EC0-301F-11D3-BF4B-00C04F79EFBC}") = "99. Test", "99. Test\99. Test.csproj", "{775BC121-DDC4-46A7-9E24-45BAC2CCE095}"
EndProject
Project("{FAE04EC0-301F-11D3-BF4B-00C04F79EFBC}") = "01. Print1toN", "01. Print1toN\01. Print1toN.csproj", "{B54A26CE-1301-44C9-B4DA-16D1FDDE070C}"
EndProject
Project("{FAE04EC0-301F-11D3-BF4B-00C04F79EFBC}") = "02. NumbersNotDividableBy3and7", "02. NumbersNotDividableBy3and7\02. NumbersNotDividableBy3and7.csproj", "{AF5951CE-E650-496F-87D9-4D0561DF58E2}"
EndProject
Project("{FAE04EC0-301F-11D3-BF4B-00C04F79EFBC}") = "03. BiggestAndSmallestNumber", "03. BiggestAndSmallestNumber\03. BiggestAndSmallestNumber.csproj", "{28CAA114-D1C5-494A-A6E0-FE21C417DCFC}"
EndProject
Project("{FAE04EC0-301F-11D3-BF4B-00C04F79EFBC}") = "04. DeckOfCards", "04. StackOfCards\04. DeckOfCards.csproj", "{6291ABD4-3E9A-4F2F-850D-30DDDF815D5E}"
EndProject
Project("{FAE04EC0-301F-11D3-BF4B-00C04F79EFBC}") = "05. FibonacciNumbers", "05. FibonacciNumbers\05. FibonacciNumbers.csproj", "{723961C7-2A14-4C6B-857B-124D15759BA2}"
EndProject
Project("{FAE04EC0-301F-11D3-BF4B-00C04F79EFBC}") = "06. N!dividedByK!", "06. N!dividedByK!\06. N!dividedByK!.csproj", "{1AB069AC-5069-4D2A-8228-DA54F2F10D82}"
EndProject
Project("{FAE04EC0-301F-11D3-BF4B-00C04F79EFBC}") = "07. N!andK!Expression2", "07. N!andK!Expression2\07. N!andK!Expression2.csproj", "{1FC9EAE2-4F20-4596-B61F-DAF4228978D0}"
EndProject
Project("{FAE04EC0-301F-11D3-BF4B-00C04F79EFBC}") = "08. CatalansNumbers", "08. CatalansNumbers\08. CatalansNumbers.csproj", "{F9B29B25-F329-4D65-A78E-F1C4B79A840A}"
EndProject
Project("{FAE04EC0-301F-11D3-BF4B-00C04F79EFBC}") = "09. FactorialExpression3", "09. FactorialExpression3\09. FactorialExpression3.csproj", "{9BFD95A4-6A47-40DB-9051-0EB9954F60DF}"
EndProject
Project("{FAE04EC0-301F-11D3-BF4B-00C04F79EFBC}") = "10. Matrix", "10. Matrix\10. Matrix.csproj", "{45C965FD-B949-4E61-BE26-ABBA4D4D343C}"
EndProject
Project("{FAE04EC0-301F-11D3-BF4B-00C04F79EFBC}") = "11. FactorialZeroesAtTheEnd", "11. FactorialZeroesAtTheEnd\11. FactorialZeroesAtTheEnd.csproj", "{4195DFB3-C2EC-4BD4-91AB-D7A9E529136B}"
EndProject
Project("{FAE04EC0-301F-11D3-BF4B-00C04F79EFBC}") = "11. FactorialZeroesAtTheEnd_ver2", "11. FactorialZeroesAtTheEnd_ver2\11. FactorialZeroesAtTheEnd_ver2.csproj", "{F16B27F8-0CFB-450B-B276-D27121593852}"
EndProject
Project("{FAE04EC0-301F-11D3-BF4B-00C04F79EFBC}") = "12. DecimalToBinary", "12. DecimalToBinary\12. DecimalToBinary.csproj", "{979EA877-ADB1-439A-9AD9-E1E3F9CFCC67}"
EndProject
Project("{FAE04EC0-301F-11D3-BF4B-00C04F79EFBC}") = "13. BinaryToDec", "13. BinaryToDec\13. BinaryToDec.csproj", "{1E6E46DF-D366-4AD8-8414-A533319E79EF}"
EndProject
Project("{FAE04EC0-301F-11D3-BF4B-00C04F79EFBC}") = "14. DecToHex", "14. DecToHex\14. DecToHex.csproj", "{AE5241C7-E748-4E08-B8F5-61EEFCF99074}"
EndProject
Project("{FAE04EC0-301F-11D3-BF4B-00C04F79EFBC}") = "15. HexToDec", "15. HexToDec\15. HexToDec.csproj", "{09183D04-CF1C-4F9E-8E04-4651D4D545C1}"
EndProject
Project("{FAE04EC0-301F-11D3-BF4B-00C04F79EFBC}") = "16. OnetoNInRandomOrder", "16. 1toNInRandomOrder\16. OnetoNInRandomOrder.csproj", "{9BD5BD31-3F37-4E19-A82F-7A6257E0EABF}"
EndProject
Project("{FAE04EC0-301F-11D3-BF4B-00C04F79EFBC}") = "17. BiggestCommonDenominator", "17. BiggestCommonDenominator\17. BiggestCommonDenominator.csproj", "{AB678FA5-8EDD-4276-AE4A-AE7304C54ADA}"
EndProject
Project("{FAE04EC0-301F-11D3-BF4B-00C04F79EFBC}") = "18. SpiralMatrix", "18.SpiralMatrix\18. SpiralMatrix.csproj", "{F7913FCE-AD47-465A-8644-2957498B05DD}"
EndProject
Project("{FAE04EC0-301F-11D3-BF4B-00C04F79EFBC}") = "17. BiggestCommonDenominatorEuclidAlg", "17. BiggestCommonDenominatorEuclidAlg\17. BiggestCommonDenominatorEuclidAlg.csproj", "{211DB8DE-1B16-4EAD-926B-3EFC82E4E202}"
EndProject
Global
	GlobalSection(SolutionConfigurationPlatforms) = preSolution
		Debug|Any CPU = Debug|Any CPU
		Release|Any CPU = Release|Any CPU
	EndGlobalSection
	GlobalSection(ProjectConfigurationPlatforms) = postSolution
		{775BC121-DDC4-46A7-9E24-45BAC2CCE095}.Debug|Any CPU.ActiveCfg = Debug|Any CPU
		{775BC121-DDC4-46A7-9E24-45BAC2CCE095}.Debug|Any CPU.Build.0 = Debug|Any CPU
		{775BC121-DDC4-46A7-9E24-45BAC2CCE095}.Release|Any CPU.ActiveCfg = Release|Any CPU
		{775BC121-DDC4-46A7-9E24-45BAC2CCE095}.Release|Any CPU.Build.0 = Release|Any CPU
		{B54A26CE-1301-44C9-B4DA-16D1FDDE070C}.Debug|Any CPU.ActiveCfg = Debug|Any CPU
		{B54A26CE-1301-44C9-B4DA-16D1FDDE070C}.Debug|Any CPU.Build.0 = Debug|Any CPU
		{B54A26CE-1301-44C9-B4DA-16D1FDDE070C}.Release|Any CPU.ActiveCfg = Release|Any CPU
		{B54A26CE-1301-44C9-B4DA-16D1FDDE070C}.Release|Any CPU.Build.0 = Release|Any CPU
		{AF5951CE-E650-496F-87D9-4D0561DF58E2}.Debug|Any CPU.ActiveCfg = Debug|Any CPU
		{AF5951CE-E650-496F-87D9-4D0561DF58E2}.Debug|Any CPU.Build.0 = Debug|Any CPU
		{AF5951CE-E650-496F-87D9-4D0561DF58E2}.Release|Any CPU.ActiveCfg = Release|Any CPU
		{AF5951CE-E650-496F-87D9-4D0561DF58E2}.Release|Any CPU.Build.0 = Release|Any CPU
		{28CAA114-D1C5-494A-A6E0-FE21C417DCFC}.Debug|Any CPU.ActiveCfg = Debug|Any CPU
		{28CAA114-D1C5-494A-A6E0-FE21C417DCFC}.Debug|Any CPU.Build.0 = Debug|Any CPU
		{28CAA114-D1C5-494A-A6E0-FE21C417DCFC}.Release|Any CPU.ActiveCfg = Release|Any CPU
		{28CAA114-D1C5-494A-A6E0-FE21C417DCFC}.Release|Any CPU.Build.0 = Release|Any CPU
		{6291ABD4-3E9A-4F2F-850D-30DDDF815D5E}.Debug|Any CPU.ActiveCfg = Debug|Any CPU
		{6291ABD4-3E9A-4F2F-850D-30DDDF815D5E}.Debug|Any CPU.Build.0 = Debug|Any CPU
		{6291ABD4-3E9A-4F2F-850D-30DDDF815D5E}.Release|Any CPU.ActiveCfg = Release|Any CPU
		{6291ABD4-3E9A-4F2F-850D-30DDDF815D5E}.Release|Any CPU.Build.0 = Release|Any CPU
		{723961C7-2A14-4C6B-857B-124D15759BA2}.Debug|Any CPU.ActiveCfg = Debug|Any CPU
		{723961C7-2A14-4C6B-857B-124D15759BA2}.Debug|Any CPU.Build.0 = Debug|Any CPU
		{723961C7-2A14-4C6B-857B-124D15759BA2}.Release|Any CPU.ActiveCfg = Release|Any CPU
		{723961C7-2A14-4C6B-857B-124D15759BA2}.Release|Any CPU.Build.0 = Release|Any CPU
		{1AB069AC-5069-4D2A-8228-DA54F2F10D82}.Debug|Any CPU.ActiveCfg = Debug|Any CPU
		{1AB069AC-5069-4D2A-8228-DA54F2F10D82}.Debug|Any CPU.Build.0 = Debug|Any CPU
		{1AB069AC-5069-4D2A-8228-DA54F2F10D82}.Release|Any CPU.ActiveCfg = Release|Any CPU
		{1AB069AC-5069-4D2A-8228-DA54F2F10D82}.Release|Any CPU.Build.0 = Release|Any CPU
		{1FC9EAE2-4F20-4596-B61F-DAF4228978D0}.Debug|Any CPU.ActiveCfg = Debug|Any CPU
		{1FC9EAE2-4F20-4596-B61F-DAF4228978D0}.Debug|Any CPU.Build.0 = Debug|Any CPU
		{1FC9EAE2-4F20-4596-B61F-DAF4228978D0}.Release|Any CPU.ActiveCfg = Release|Any CPU
		{1FC9EAE2-4F20-4596-B61F-DAF4228978D0}.Release|Any CPU.Build.0 = Release|Any CPU
		{F9B29B25-F329-4D65-A78E-F1C4B79A840A}.Debug|Any CPU.ActiveCfg = Debug|Any CPU
		{F9B29B25-F329-4D65-A78E-F1C4B79A840A}.Debug|Any CPU.Build.0 = Debug|Any CPU
		{F9B29B25-F329-4D65-A78E-F1C4B79A840A}.Release|Any CPU.ActiveCfg = Release|Any CPU
		{F9B29B25-F329-4D65-A78E-F1C4B79A840A}.Release|Any CPU.Build.0 = Release|Any CPU
		{9BFD95A4-6A47-40DB-9051-0EB9954F60DF}.Debug|Any CPU.ActiveCfg = Debug|Any CPU
		{9BFD95A4-6A47-40DB-9051-0EB9954F60DF}.Debug|Any CPU.Build.0 = Debug|Any CPU
		{9BFD95A4-6A47-40DB-9051-0EB9954F60DF}.Release|Any CPU.ActiveCfg = Release|Any CPU
		{9BFD95A4-6A47-40DB-9051-0EB9954F60DF}.Release|Any CPU.Build.0 = Release|Any CPU
		{45C965FD-B949-4E61-BE26-ABBA4D4D343C}.Debug|Any CPU.ActiveCfg = Debug|Any CPU
		{45C965FD-B949-4E61-BE26-ABBA4D4D343C}.Debug|Any CPU.Build.0 = Debug|Any CPU
		{45C965FD-B949-4E61-BE26-ABBA4D4D343C}.Release|Any CPU.ActiveCfg = Release|Any CPU
		{45C965FD-B949-4E61-BE26-ABBA4D4D343C}.Release|Any CPU.Build.0 = Release|Any CPU
		{4195DFB3-C2EC-4BD4-91AB-D7A9E529136B}.Debug|Any CPU.ActiveCfg = Debug|Any CPU
		{4195DFB3-C2EC-4BD4-91AB-D7A9E529136B}.Debug|Any CPU.Build.0 = Debug|Any CPU
		{4195DFB3-C2EC-4BD4-91AB-D7A9E529136B}.Release|Any CPU.ActiveCfg = Release|Any CPU
		{4195DFB3-C2EC-4BD4-91AB-D7A9E529136B}.Release|Any CPU.Build.0 = Release|Any CPU
		{F16B27F8-0CFB-450B-B276-D27121593852}.Debug|Any CPU.ActiveCfg = Debug|Any CPU
		{F16B27F8-0CFB-450B-B276-D27121593852}.Debug|Any CPU.Build.0 = Debug|Any CPU
		{F16B27F8-0CFB-450B-B276-D27121593852}.Release|Any CPU.ActiveCfg = Release|Any CPU
		{F16B27F8-0CFB-450B-B276-D27121593852}.Release|Any CPU.Build.0 = Release|Any CPU
		{979EA877-ADB1-439A-9AD9-E1E3F9CFCC67}.Debug|Any CPU.ActiveCfg = Debug|Any CPU
		{979EA877-ADB1-439A-9AD9-E1E3F9CFCC67}.Debug|Any CPU.Build.0 = Debug|Any CPU
		{979EA877-ADB1-439A-9AD9-E1E3F9CFCC67}.Release|Any CPU.ActiveCfg = Release|Any CPU
		{979EA877-ADB1-439A-9AD9-E1E3F9CFCC67}.Release|Any CPU.Build.0 = Release|Any CPU
		{1E6E46DF-D366-4AD8-8414-A533319E79EF}.Debug|Any CPU.ActiveCfg = Debug|Any CPU
		{1E6E46DF-D366-4AD8-8414-A533319E79EF}.Debug|Any CPU.Build.0 = Debug|Any CPU
		{1E6E46DF-D366-4AD8-8414-A533319E79EF}.Release|Any CPU.ActiveCfg = Release|Any CPU
		{1E6E46DF-D366-4AD8-8414-A533319E79EF}.Release|Any CPU.Build.0 = Release|Any CPU
		{AE5241C7-E748-4E08-B8F5-61EEFCF99074}.Debug|Any CPU.ActiveCfg = Debug|Any CPU
		{AE5241C7-E748-4E08-B8F5-61EEFCF99074}.Debug|Any CPU.Build.0 = Debug|Any CPU
		{AE5241C7-E748-4E08-B8F5-61EEFCF99074}.Release|Any CPU.ActiveCfg = Release|Any CPU
		{AE5241C7-E748-4E08-B8F5-61EEFCF99074}.Release|Any CPU.Build.0 = Release|Any CPU
		{09183D04-CF1C-4F9E-8E04-4651D4D545C1}.Debug|Any CPU.ActiveCfg = Debug|Any CPU
		{09183D04-CF1C-4F9E-8E04-4651D4D545C1}.Debug|Any CPU.Build.0 = Debug|Any CPU
		{09183D04-CF1C-4F9E-8E04-4651D4D545C1}.Release|Any CPU.ActiveCfg = Release|Any CPU
		{09183D04-CF1C-4F9E-8E04-4651D4D545C1}.Release|Any CPU.Build.0 = Release|Any CPU
		{9BD5BD31-3F37-4E19-A82F-7A6257E0EABF}.Debug|Any CPU.ActiveCfg = Debug|Any CPU
		{9BD5BD31-3F37-4E19-A82F-7A6257E0EABF}.Debug|Any CPU.Build.0 = Debug|Any CPU
		{9BD5BD31-3F37-4E19-A82F-7A6257E0EABF}.Release|Any CPU.ActiveCfg = Release|Any CPU
		{9BD5BD31-3F37-4E19-A82F-7A6257E0EABF}.Release|Any CPU.Build.0 = Release|Any CPU
		{AB678FA5-8EDD-4276-AE4A-AE7304C54ADA}.Debug|Any CPU.ActiveCfg = Debug|Any CPU
		{AB678FA5-8EDD-4276-AE4A-AE7304C54ADA}.Debug|Any CPU.Build.0 = Debug|Any CPU
		{AB678FA5-8EDD-4276-AE4A-AE7304C54ADA}.Release|Any CPU.ActiveCfg = Release|Any CPU
		{AB678FA5-8EDD-4276-AE4A-AE7304C54ADA}.Release|Any CPU.Build.0 = Release|Any CPU
		{F7913FCE-AD47-465A-8644-2957498B05DD}.Debug|Any CPU.ActiveCfg = Debug|Any CPU
		{F7913FCE-AD47-465A-8644-2957498B05DD}.Debug|Any CPU.Build.0 = Debug|Any CPU
		{F7913FCE-AD47-465A-8644-2957498B05DD}.Release|Any CPU.ActiveCfg = Release|Any CPU
		{F7913FCE-AD47-465A-8644-2957498B05DD}.Release|Any CPU.Build.0 = Release|Any CPU
		{211DB8DE-1B16-4EAD-926B-3EFC82E4E202}.Debug|Any CPU.ActiveCfg = Debug|Any CPU
		{211DB8DE-1B16-4EAD-926B-3EFC82E4E202}.Debug|Any CPU.Build.0 = Debug|Any CPU
		{211DB8DE-1B16-4EAD-926B-3EFC82E4E202}.Release|Any CPU.ActiveCfg = Release|Any CPU
		{211DB8DE-1B16-4EAD-926B-3EFC82E4E202}.Release|Any CPU.Build.0 = Release|Any CPU
	EndGlobalSection
	GlobalSection(SolutionProperties) = preSolution
		HideSolutionNode = FALSE
	EndGlobalSection
EndGlobal
