
Microsoft Visual Studio Solution File, Format Version 12.00
# Visual Studio 2013
VisualStudioVersion = 12.0.30501.0
MinimumVisualStudioVersion = 10.0.40219.1
Project("{FAE04EC0-301F-11D3-BF4B-00C04F79EFBC}") = "01.NNestedLoops", "01.NNestedLoops\01.NNestedLoops.csproj", "{52CEF21D-9875-42E5-97B5-3B87AC391EBB}"
EndProject
Project("{FAE04EC0-301F-11D3-BF4B-00C04F79EFBC}") = "02.RepetativeCombinations", "02.RepetativeCombinations\02.RepetativeCombinations.csproj", "{2BAAA244-22D4-43A9-BDCD-F2CE0964FFF8}"
EndProject
Project("{FAE04EC0-301F-11D3-BF4B-00C04F79EFBC}") = "02.RepetativeCombinations-Iter", "02.02.RepetativeCombinations-Iter\02.RepetativeCombinations-Iter.csproj", "{3D848183-153B-4BDA-828D-76FF341141CE}"
EndProject
Project("{FAE04EC0-301F-11D3-BF4B-00C04F79EFBC}") = "03.Variations", "03.Variations\03.Variations.csproj", "{8553D3B1-46D9-40D5-AD70-83EEDA01BF0C}"
EndProject
Project("{FAE04EC0-301F-11D3-BF4B-00C04F79EFBC}") = "03.Variations-Iter", "03.Variations-Iter\03.Variations-Iter.csproj", "{BA57D9AB-C3A4-42AC-9D4D-FCDAB7E96FF5}"
EndProject
Project("{FAE04EC0-301F-11D3-BF4B-00C04F79EFBC}") = "04.SubsetsOfStrings", "04.SubsetsOfStrings\04.SubsetsOfStrings.csproj", "{C4100DF7-2CE7-4717-87E8-88D1A6A36A6B}"
EndProject
Project("{FAE04EC0-301F-11D3-BF4B-00C04F79EFBC}") = "04.SubsetsOfStrings-Iter", "04.SubsetsOfStrings-Iter\04.SubsetsOfStrings-Iter.csproj", "{88BED6FB-812E-4C4A-AC1B-0D923A0A1D42}"
EndProject
Project("{FAE04EC0-301F-11D3-BF4B-00C04F79EFBC}") = "05.AllSubsetsOfStrings", "05.AllSubsetsOfStrings\05.AllSubsetsOfStrings.csproj", "{1F03E847-F2CB-4B8C-B012-3382FBA928F5}"
EndProject
Project("{FAE04EC0-301F-11D3-BF4B-00C04F79EFBC}") = "05.AllSubsetsOfStrings-Iter", "05.AllSubsetsOfStrings-Iter\05.AllSubsetsOfStrings-Iter.csproj", "{8A4A6B0F-0631-41EB-99F2-55B5637C1DBF}"
EndProject
Project("{FAE04EC0-301F-11D3-BF4B-00C04F79EFBC}") = "06.MergeSort", "06.MergeSort\06.MergeSort.csproj", "{2FD72DE4-5CF1-4844-82C5-54E282FFD34C}"
EndProject
Project("{FAE04EC0-301F-11D3-BF4B-00C04F79EFBC}") = "07.AllPermutations", "07.AllPermutations\07.AllPermutations.csproj", "{F6A22BDC-9F15-4969-987D-0561793EF83D}"
EndProject
Project("{FAE04EC0-301F-11D3-BF4B-00C04F79EFBC}") = "08.SubsetsWithSum", "08.SubsetsWithSum\08.SubsetsWithSum.csproj", "{AABE042E-158D-4270-8A3D-42C8AE94A6A9}"
EndProject
Project("{FAE04EC0-301F-11D3-BF4B-00C04F79EFBC}") = "09.SubsetOfSum-Iter", "09.SubsetOfSum-Iter\09.SubsetOfSum-Iter.csproj", "{26A58D74-3B10-41AC-860E-83089AA7272B}"
EndProject
Project("{FAE04EC0-301F-11D3-BF4B-00C04F79EFBC}") = "10.AllPathsBetween2Cells", "10.AllPathsBetween2Cells\10.AllPathsBetween2Cells.csproj", "{36F4118D-0334-4C59-A0ED-E7F071C427E9}"
EndProject
Project("{FAE04EC0-301F-11D3-BF4B-00C04F79EFBC}") = "11.SinglePathBetween2Cells", "11.SinglePathBetween2Cells\11.SinglePathBetween2Cells.csproj", "{58475988-AF57-4AE2-9133-C49122DC97CD}"
EndProject
Project("{FAE04EC0-301F-11D3-BF4B-00C04F79EFBC}") = "12.LargestArea", "12.LargestArea\12.LargestArea.csproj", "{5B410F5C-8492-402D-982D-BB6E17AC8CE4}"
EndProject
Project("{FAE04EC0-301F-11D3-BF4B-00C04F79EFBC}") = "13.AllAreas", "13.AllAreas\13.AllAreas.csproj", "{FD44A302-619E-4373-B0BD-4C6750A3E224}"
EndProject
Project("{FAE04EC0-301F-11D3-BF4B-00C04F79EFBC}") = "14.EightQueens", "14.EightQueens\14.EightQueens.csproj", "{B46F847D-2634-4C06-8EC3-DE2AFD53A78B}"
EndProject
Project("{FAE04EC0-301F-11D3-BF4B-00C04F79EFBC}") = "14.EightQueensObjects", "14.EightQueensObjects\14.EightQueensObjects.csproj", "{4D933A0B-CC5D-47E9-AF98-C59DCD1A4E3A}"
EndProject
Project("{FAE04EC0-301F-11D3-BF4B-00C04F79EFBC}") = "15.PermutationsWithRepetition", "15.PermutationsWithRepetition\15.PermutationsWithRepetition.csproj", "{CAF17810-7E20-4A04-B0A0-B061E6F5B2AF}"
EndProject
Project("{FAE04EC0-301F-11D3-BF4B-00C04F79EFBC}") = "16.Cakes", "16.Cakes\16.Cakes.csproj", "{3DBD2FBC-738A-4402-9DA1-D70215C3695C}"
EndProject
Project("{FAE04EC0-301F-11D3-BF4B-00C04F79EFBC}") = "17.SearchAllFilesInC", "17.SearchAllFilesInC\17.SearchAllFilesInC.csproj", "{8D3FA821-EF4F-4BAC-AE98-CEA9A7A23E91}"
EndProject
Project("{FAE04EC0-301F-11D3-BF4B-00C04F79EFBC}") = "18.ShortestPath", "18.ShortestPath\18.ShortestPath.csproj", "{FF2E4E96-0F30-4FCB-A94F-D800AEB09B08}"
EndProject
Global
	GlobalSection(SolutionConfigurationPlatforms) = preSolution
		Debug|Any CPU = Debug|Any CPU
		Release|Any CPU = Release|Any CPU
	EndGlobalSection
	GlobalSection(ProjectConfigurationPlatforms) = postSolution
		{52CEF21D-9875-42E5-97B5-3B87AC391EBB}.Debug|Any CPU.ActiveCfg = Debug|Any CPU
		{52CEF21D-9875-42E5-97B5-3B87AC391EBB}.Debug|Any CPU.Build.0 = Debug|Any CPU
		{52CEF21D-9875-42E5-97B5-3B87AC391EBB}.Release|Any CPU.ActiveCfg = Release|Any CPU
		{52CEF21D-9875-42E5-97B5-3B87AC391EBB}.Release|Any CPU.Build.0 = Release|Any CPU
		{2BAAA244-22D4-43A9-BDCD-F2CE0964FFF8}.Debug|Any CPU.ActiveCfg = Debug|Any CPU
		{2BAAA244-22D4-43A9-BDCD-F2CE0964FFF8}.Debug|Any CPU.Build.0 = Debug|Any CPU
		{2BAAA244-22D4-43A9-BDCD-F2CE0964FFF8}.Release|Any CPU.ActiveCfg = Release|Any CPU
		{2BAAA244-22D4-43A9-BDCD-F2CE0964FFF8}.Release|Any CPU.Build.0 = Release|Any CPU
		{3D848183-153B-4BDA-828D-76FF341141CE}.Debug|Any CPU.ActiveCfg = Debug|Any CPU
		{3D848183-153B-4BDA-828D-76FF341141CE}.Debug|Any CPU.Build.0 = Debug|Any CPU
		{3D848183-153B-4BDA-828D-76FF341141CE}.Release|Any CPU.ActiveCfg = Release|Any CPU
		{3D848183-153B-4BDA-828D-76FF341141CE}.Release|Any CPU.Build.0 = Release|Any CPU
		{8553D3B1-46D9-40D5-AD70-83EEDA01BF0C}.Debug|Any CPU.ActiveCfg = Debug|Any CPU
		{8553D3B1-46D9-40D5-AD70-83EEDA01BF0C}.Debug|Any CPU.Build.0 = Debug|Any CPU
		{8553D3B1-46D9-40D5-AD70-83EEDA01BF0C}.Release|Any CPU.ActiveCfg = Release|Any CPU
		{8553D3B1-46D9-40D5-AD70-83EEDA01BF0C}.Release|Any CPU.Build.0 = Release|Any CPU
		{BA57D9AB-C3A4-42AC-9D4D-FCDAB7E96FF5}.Debug|Any CPU.ActiveCfg = Debug|Any CPU
		{BA57D9AB-C3A4-42AC-9D4D-FCDAB7E96FF5}.Debug|Any CPU.Build.0 = Debug|Any CPU
		{BA57D9AB-C3A4-42AC-9D4D-FCDAB7E96FF5}.Release|Any CPU.ActiveCfg = Release|Any CPU
		{BA57D9AB-C3A4-42AC-9D4D-FCDAB7E96FF5}.Release|Any CPU.Build.0 = Release|Any CPU
		{C4100DF7-2CE7-4717-87E8-88D1A6A36A6B}.Debug|Any CPU.ActiveCfg = Debug|Any CPU
		{C4100DF7-2CE7-4717-87E8-88D1A6A36A6B}.Debug|Any CPU.Build.0 = Debug|Any CPU
		{C4100DF7-2CE7-4717-87E8-88D1A6A36A6B}.Release|Any CPU.ActiveCfg = Release|Any CPU
		{C4100DF7-2CE7-4717-87E8-88D1A6A36A6B}.Release|Any CPU.Build.0 = Release|Any CPU
		{88BED6FB-812E-4C4A-AC1B-0D923A0A1D42}.Debug|Any CPU.ActiveCfg = Debug|Any CPU
		{88BED6FB-812E-4C4A-AC1B-0D923A0A1D42}.Debug|Any CPU.Build.0 = Debug|Any CPU
		{88BED6FB-812E-4C4A-AC1B-0D923A0A1D42}.Release|Any CPU.ActiveCfg = Release|Any CPU
		{88BED6FB-812E-4C4A-AC1B-0D923A0A1D42}.Release|Any CPU.Build.0 = Release|Any CPU
		{1F03E847-F2CB-4B8C-B012-3382FBA928F5}.Debug|Any CPU.ActiveCfg = Debug|Any CPU
		{1F03E847-F2CB-4B8C-B012-3382FBA928F5}.Debug|Any CPU.Build.0 = Debug|Any CPU
		{1F03E847-F2CB-4B8C-B012-3382FBA928F5}.Release|Any CPU.ActiveCfg = Release|Any CPU
		{1F03E847-F2CB-4B8C-B012-3382FBA928F5}.Release|Any CPU.Build.0 = Release|Any CPU
		{8A4A6B0F-0631-41EB-99F2-55B5637C1DBF}.Debug|Any CPU.ActiveCfg = Debug|Any CPU
		{8A4A6B0F-0631-41EB-99F2-55B5637C1DBF}.Debug|Any CPU.Build.0 = Debug|Any CPU
		{8A4A6B0F-0631-41EB-99F2-55B5637C1DBF}.Release|Any CPU.ActiveCfg = Release|Any CPU
		{8A4A6B0F-0631-41EB-99F2-55B5637C1DBF}.Release|Any CPU.Build.0 = Release|Any CPU
		{2FD72DE4-5CF1-4844-82C5-54E282FFD34C}.Debug|Any CPU.ActiveCfg = Debug|Any CPU
		{2FD72DE4-5CF1-4844-82C5-54E282FFD34C}.Debug|Any CPU.Build.0 = Debug|Any CPU
		{2FD72DE4-5CF1-4844-82C5-54E282FFD34C}.Release|Any CPU.ActiveCfg = Release|Any CPU
		{2FD72DE4-5CF1-4844-82C5-54E282FFD34C}.Release|Any CPU.Build.0 = Release|Any CPU
		{F6A22BDC-9F15-4969-987D-0561793EF83D}.Debug|Any CPU.ActiveCfg = Debug|Any CPU
		{F6A22BDC-9F15-4969-987D-0561793EF83D}.Debug|Any CPU.Build.0 = Debug|Any CPU
		{F6A22BDC-9F15-4969-987D-0561793EF83D}.Release|Any CPU.ActiveCfg = Release|Any CPU
		{F6A22BDC-9F15-4969-987D-0561793EF83D}.Release|Any CPU.Build.0 = Release|Any CPU
		{AABE042E-158D-4270-8A3D-42C8AE94A6A9}.Debug|Any CPU.ActiveCfg = Debug|Any CPU
		{AABE042E-158D-4270-8A3D-42C8AE94A6A9}.Debug|Any CPU.Build.0 = Debug|Any CPU
		{AABE042E-158D-4270-8A3D-42C8AE94A6A9}.Release|Any CPU.ActiveCfg = Release|Any CPU
		{AABE042E-158D-4270-8A3D-42C8AE94A6A9}.Release|Any CPU.Build.0 = Release|Any CPU
		{26A58D74-3B10-41AC-860E-83089AA7272B}.Debug|Any CPU.ActiveCfg = Debug|Any CPU
		{26A58D74-3B10-41AC-860E-83089AA7272B}.Debug|Any CPU.Build.0 = Debug|Any CPU
		{26A58D74-3B10-41AC-860E-83089AA7272B}.Release|Any CPU.ActiveCfg = Release|Any CPU
		{26A58D74-3B10-41AC-860E-83089AA7272B}.Release|Any CPU.Build.0 = Release|Any CPU
		{36F4118D-0334-4C59-A0ED-E7F071C427E9}.Debug|Any CPU.ActiveCfg = Debug|Any CPU
		{36F4118D-0334-4C59-A0ED-E7F071C427E9}.Debug|Any CPU.Build.0 = Debug|Any CPU
		{36F4118D-0334-4C59-A0ED-E7F071C427E9}.Release|Any CPU.ActiveCfg = Release|Any CPU
		{36F4118D-0334-4C59-A0ED-E7F071C427E9}.Release|Any CPU.Build.0 = Release|Any CPU
		{58475988-AF57-4AE2-9133-C49122DC97CD}.Debug|Any CPU.ActiveCfg = Debug|Any CPU
		{58475988-AF57-4AE2-9133-C49122DC97CD}.Debug|Any CPU.Build.0 = Debug|Any CPU
		{58475988-AF57-4AE2-9133-C49122DC97CD}.Release|Any CPU.ActiveCfg = Release|Any CPU
		{58475988-AF57-4AE2-9133-C49122DC97CD}.Release|Any CPU.Build.0 = Release|Any CPU
		{5B410F5C-8492-402D-982D-BB6E17AC8CE4}.Debug|Any CPU.ActiveCfg = Debug|Any CPU
		{5B410F5C-8492-402D-982D-BB6E17AC8CE4}.Debug|Any CPU.Build.0 = Debug|Any CPU
		{5B410F5C-8492-402D-982D-BB6E17AC8CE4}.Release|Any CPU.ActiveCfg = Release|Any CPU
		{5B410F5C-8492-402D-982D-BB6E17AC8CE4}.Release|Any CPU.Build.0 = Release|Any CPU
		{FD44A302-619E-4373-B0BD-4C6750A3E224}.Debug|Any CPU.ActiveCfg = Debug|Any CPU
		{FD44A302-619E-4373-B0BD-4C6750A3E224}.Debug|Any CPU.Build.0 = Debug|Any CPU
		{FD44A302-619E-4373-B0BD-4C6750A3E224}.Release|Any CPU.ActiveCfg = Release|Any CPU
		{FD44A302-619E-4373-B0BD-4C6750A3E224}.Release|Any CPU.Build.0 = Release|Any CPU
		{B46F847D-2634-4C06-8EC3-DE2AFD53A78B}.Debug|Any CPU.ActiveCfg = Debug|Any CPU
		{B46F847D-2634-4C06-8EC3-DE2AFD53A78B}.Debug|Any CPU.Build.0 = Debug|Any CPU
		{B46F847D-2634-4C06-8EC3-DE2AFD53A78B}.Release|Any CPU.ActiveCfg = Release|Any CPU
		{B46F847D-2634-4C06-8EC3-DE2AFD53A78B}.Release|Any CPU.Build.0 = Release|Any CPU
		{4D933A0B-CC5D-47E9-AF98-C59DCD1A4E3A}.Debug|Any CPU.ActiveCfg = Debug|Any CPU
		{4D933A0B-CC5D-47E9-AF98-C59DCD1A4E3A}.Debug|Any CPU.Build.0 = Debug|Any CPU
		{4D933A0B-CC5D-47E9-AF98-C59DCD1A4E3A}.Release|Any CPU.ActiveCfg = Release|Any CPU
		{4D933A0B-CC5D-47E9-AF98-C59DCD1A4E3A}.Release|Any CPU.Build.0 = Release|Any CPU
		{CAF17810-7E20-4A04-B0A0-B061E6F5B2AF}.Debug|Any CPU.ActiveCfg = Debug|Any CPU
		{CAF17810-7E20-4A04-B0A0-B061E6F5B2AF}.Debug|Any CPU.Build.0 = Debug|Any CPU
		{CAF17810-7E20-4A04-B0A0-B061E6F5B2AF}.Release|Any CPU.ActiveCfg = Release|Any CPU
		{CAF17810-7E20-4A04-B0A0-B061E6F5B2AF}.Release|Any CPU.Build.0 = Release|Any CPU
		{3DBD2FBC-738A-4402-9DA1-D70215C3695C}.Debug|Any CPU.ActiveCfg = Debug|Any CPU
		{3DBD2FBC-738A-4402-9DA1-D70215C3695C}.Debug|Any CPU.Build.0 = Debug|Any CPU
		{3DBD2FBC-738A-4402-9DA1-D70215C3695C}.Release|Any CPU.ActiveCfg = Release|Any CPU
		{3DBD2FBC-738A-4402-9DA1-D70215C3695C}.Release|Any CPU.Build.0 = Release|Any CPU
		{8D3FA821-EF4F-4BAC-AE98-CEA9A7A23E91}.Debug|Any CPU.ActiveCfg = Debug|Any CPU
		{8D3FA821-EF4F-4BAC-AE98-CEA9A7A23E91}.Debug|Any CPU.Build.0 = Debug|Any CPU
		{8D3FA821-EF4F-4BAC-AE98-CEA9A7A23E91}.Release|Any CPU.ActiveCfg = Release|Any CPU
		{8D3FA821-EF4F-4BAC-AE98-CEA9A7A23E91}.Release|Any CPU.Build.0 = Release|Any CPU
		{FF2E4E96-0F30-4FCB-A94F-D800AEB09B08}.Debug|Any CPU.ActiveCfg = Debug|Any CPU
		{FF2E4E96-0F30-4FCB-A94F-D800AEB09B08}.Debug|Any CPU.Build.0 = Debug|Any CPU
		{FF2E4E96-0F30-4FCB-A94F-D800AEB09B08}.Release|Any CPU.ActiveCfg = Release|Any CPU
		{FF2E4E96-0F30-4FCB-A94F-D800AEB09B08}.Release|Any CPU.Build.0 = Release|Any CPU
	EndGlobalSection
	GlobalSection(SolutionProperties) = preSolution
		HideSolutionNode = FALSE
	EndGlobalSection
EndGlobal
