
Microsoft Visual Studio Solution File, Format Version 12.00
# Visual Studio 2013
VisualStudioVersion = 12.0.30501.0
MinimumVisualStudioVersion = 10.0.40219.1
Project("{FAE04EC0-301F-11D3-BF4B-00C04F79EFBC}") = "07.ReadInteger", "07.ReadInteger\07.ReadInteger.csproj", "{69AF537E-7227-460A-900B-9347431D296C}"
EndProject
Project("{FAE04EC0-301F-11D3-BF4B-00C04F79EFBC}") = "08.InputIntegers", "08.InputIntegers\08.InputIntegers.csproj", "{A1104E13-1B04-4FC4-AEC2-D8B61B5E4386}"
EndProject
Project("{FAE04EC0-301F-11D3-BF4B-00C04F79EFBC}") = "09.ReadTextFile", "09.ReadTextFile\09.ReadTextFile.csproj", "{13618B5E-9202-4F9A-B834-87A571D9F31E}"
EndProject
Project("{FAE04EC0-301F-11D3-BF4B-00C04F79EFBC}") = "10.CopyBinaryFile", "10.CopyBinaryFile\10.CopyBinaryFile.csproj", "{253CA246-8C83-4033-A1E4-FB45D2D06625}"
EndProject
Project("{FAE04EC0-301F-11D3-BF4B-00C04F79EFBC}") = "11.DefineOwnException", "11.DefineOwnException\11.DefineOwnException.csproj", "{C1275308-59E9-414D-AAE7-D98A10165EAC}"
EndProject
Project("{FAE04EC0-301F-11D3-BF4B-00C04F79EFBC}") = "12.CatchAllExceptions", "12.CatchAllExceptions\12.CatchAllExceptions.csproj", "{1A5357DE-E710-48D6-8E1E-4F6FFA4184F0}"
EndProject
Project("{FAE04EC0-301F-11D3-BF4B-00C04F79EFBC}") = "13.DownloadFile", "13.DownloadFile\13.DownloadFile.csproj", "{AAB75CA3-1BC7-4754-99C1-DCBD45572701}"
EndProject
Global
	GlobalSection(SolutionConfigurationPlatforms) = preSolution
		Debug|Any CPU = Debug|Any CPU
		Release|Any CPU = Release|Any CPU
	EndGlobalSection
	GlobalSection(ProjectConfigurationPlatforms) = postSolution
		{69AF537E-7227-460A-900B-9347431D296C}.Debug|Any CPU.ActiveCfg = Debug|Any CPU
		{69AF537E-7227-460A-900B-9347431D296C}.Debug|Any CPU.Build.0 = Debug|Any CPU
		{69AF537E-7227-460A-900B-9347431D296C}.Release|Any CPU.ActiveCfg = Release|Any CPU
		{69AF537E-7227-460A-900B-9347431D296C}.Release|Any CPU.Build.0 = Release|Any CPU
		{A1104E13-1B04-4FC4-AEC2-D8B61B5E4386}.Debug|Any CPU.ActiveCfg = Debug|Any CPU
		{A1104E13-1B04-4FC4-AEC2-D8B61B5E4386}.Debug|Any CPU.Build.0 = Debug|Any CPU
		{A1104E13-1B04-4FC4-AEC2-D8B61B5E4386}.Release|Any CPU.ActiveCfg = Release|Any CPU
		{A1104E13-1B04-4FC4-AEC2-D8B61B5E4386}.Release|Any CPU.Build.0 = Release|Any CPU
		{13618B5E-9202-4F9A-B834-87A571D9F31E}.Debug|Any CPU.ActiveCfg = Debug|Any CPU
		{13618B5E-9202-4F9A-B834-87A571D9F31E}.Debug|Any CPU.Build.0 = Debug|Any CPU
		{13618B5E-9202-4F9A-B834-87A571D9F31E}.Release|Any CPU.ActiveCfg = Release|Any CPU
		{13618B5E-9202-4F9A-B834-87A571D9F31E}.Release|Any CPU.Build.0 = Release|Any CPU
		{253CA246-8C83-4033-A1E4-FB45D2D06625}.Debug|Any CPU.ActiveCfg = Debug|Any CPU
		{253CA246-8C83-4033-A1E4-FB45D2D06625}.Debug|Any CPU.Build.0 = Debug|Any CPU
		{253CA246-8C83-4033-A1E4-FB45D2D06625}.Release|Any CPU.ActiveCfg = Release|Any CPU
		{253CA246-8C83-4033-A1E4-FB45D2D06625}.Release|Any CPU.Build.0 = Release|Any CPU
		{C1275308-59E9-414D-AAE7-D98A10165EAC}.Debug|Any CPU.ActiveCfg = Debug|Any CPU
		{C1275308-59E9-414D-AAE7-D98A10165EAC}.Debug|Any CPU.Build.0 = Debug|Any CPU
		{C1275308-59E9-414D-AAE7-D98A10165EAC}.Release|Any CPU.ActiveCfg = Release|Any CPU
		{C1275308-59E9-414D-AAE7-D98A10165EAC}.Release|Any CPU.Build.0 = Release|Any CPU
		{1A5357DE-E710-48D6-8E1E-4F6FFA4184F0}.Debug|Any CPU.ActiveCfg = Debug|Any CPU
		{1A5357DE-E710-48D6-8E1E-4F6FFA4184F0}.Debug|Any CPU.Build.0 = Debug|Any CPU
		{1A5357DE-E710-48D6-8E1E-4F6FFA4184F0}.Release|Any CPU.ActiveCfg = Release|Any CPU
		{1A5357DE-E710-48D6-8E1E-4F6FFA4184F0}.Release|Any CPU.Build.0 = Release|Any CPU
		{AAB75CA3-1BC7-4754-99C1-DCBD45572701}.Debug|Any CPU.ActiveCfg = Debug|Any CPU
		{AAB75CA3-1BC7-4754-99C1-DCBD45572701}.Debug|Any CPU.Build.0 = Debug|Any CPU
		{AAB75CA3-1BC7-4754-99C1-DCBD45572701}.Release|Any CPU.ActiveCfg = Release|Any CPU
		{AAB75CA3-1BC7-4754-99C1-DCBD45572701}.Release|Any CPU.Build.0 = Release|Any CPU
	EndGlobalSection
	GlobalSection(SolutionProperties) = preSolution
		HideSolutionNode = FALSE
	EndGlobalSection
EndGlobal
