
Microsoft Visual Studio Solution File, Format Version 12.00
# Visual Studio 2013
VisualStudioVersion = 12.0.21005.1
MinimumVisualStudioVersion = 10.0.40219.1
Project("{FAE04EC0-301F-11D3-BF4B-00C04F79EFBC}") = "01.  DeclareFiveVars", "01.  DeclareFiveVars\01.  DeclareFiveVars.csproj", "{82685A0C-86BD-45E4-B02F-C936880378DF}"
EndProject
Project("{FAE04EC0-301F-11D3-BF4B-00C04F79EFBC}") = "02. FloatOrDouble", "02. FloatOrDouble\02. FloatOrDouble.csproj", "{7E76BE3C-EFD0-4CB4-B050-32EF1CA651BA}"
EndProject
Project("{FAE04EC0-301F-11D3-BF4B-00C04F79EFBC}") = "03. CompareFloatingPoints", "03. CompareFloatingPoints\03. CompareFloatingPoints.csproj", "{3D862E9E-E047-4909-B742-1F3B607AE56A}"
EndProject
Project("{FAE04EC0-301F-11D3-BF4B-00C04F79EFBC}") = "04.  IntInHex", "04.  IntInHex\04.  IntInHex.csproj", "{AE97D0DE-EE1F-4C4D-ABD8-563102E4C63F}"
EndProject
Project("{FAE04EC0-301F-11D3-BF4B-00C04F79EFBC}") = "05. DeclareChar", "05. DeclareChar\05. DeclareChar.csproj", "{CB284AE4-BEC4-451E-B2DA-B1EE71527C43}"
EndProject
Project("{FAE04EC0-301F-11D3-BF4B-00C04F79EFBC}") = "06. IsFemale", "06. IsFemale\06. IsFemale.csproj", "{095A2693-9489-4BDF-BB74-DFA1D44235D9}"
EndProject
Project("{FAE04EC0-301F-11D3-BF4B-00C04F79EFBC}") = "07. TypeCasting", "07. TypeCasting\07. TypeCasting.csproj", "{20E6DE94-54B9-4B0C-98E2-2612FD4D5C85}"
EndProject
Project("{FAE04EC0-301F-11D3-BF4B-00C04F79EFBC}") = "08. Quotation", "08. Quotation\08. Quotation.csproj", "{A01053A8-F4DE-492D-A15B-65F9B29383EC}"
EndProject
Project("{FAE04EC0-301F-11D3-BF4B-00C04F79EFBC}") = "09. Tringale", "09. Tringale\09. Tringale.csproj", "{5E82DA59-E012-416D-A71A-9789F4809682}"
EndProject
Project("{FAE04EC0-301F-11D3-BF4B-00C04F79EFBC}") = "10. EmployeeRecord", "10. EmployeeRecord\10. EmployeeRecord.csproj", "{5814C494-B17B-4DEF-AA43-2FF1A3CA8665}"
EndProject
Project("{FAE04EC0-301F-11D3-BF4B-00C04F79EFBC}") = "11. ExchangeIntegers", "11. ExchangeIntegers\11. ExchangeIntegers.csproj", "{FB02CC32-694D-4635-A006-926838973E49}"
EndProject
Project("{FAE04EC0-301F-11D3-BF4B-00C04F79EFBC}") = "13. NullValues", "13. NullValues\13. NullValues.csproj", "{28FF6C80-E60B-4E32-AC8F-C1168B0BCC22}"
EndProject
Project("{FAE04EC0-301F-11D3-BF4B-00C04F79EFBC}") = "14. BankAccount", "14. BankAccount\14. BankAccount.csproj", "{D15DB24E-E49E-4183-9386-BF9F78D03DA3}"
EndProject
Project("{FAE04EC0-301F-11D3-BF4B-00C04F79EFBC}") = "12. ASCIITable", "12. ASCIITable\12. ASCIITable.csproj", "{15058118-7C5E-40E0-A088-65D24353E004}"
EndProject
Global
	GlobalSection(SolutionConfigurationPlatforms) = preSolution
		Debug|Any CPU = Debug|Any CPU
		Release|Any CPU = Release|Any CPU
	EndGlobalSection
	GlobalSection(ProjectConfigurationPlatforms) = postSolution
		{82685A0C-86BD-45E4-B02F-C936880378DF}.Debug|Any CPU.ActiveCfg = Debug|Any CPU
		{82685A0C-86BD-45E4-B02F-C936880378DF}.Debug|Any CPU.Build.0 = Debug|Any CPU
		{82685A0C-86BD-45E4-B02F-C936880378DF}.Release|Any CPU.ActiveCfg = Release|Any CPU
		{82685A0C-86BD-45E4-B02F-C936880378DF}.Release|Any CPU.Build.0 = Release|Any CPU
		{7E76BE3C-EFD0-4CB4-B050-32EF1CA651BA}.Debug|Any CPU.ActiveCfg = Debug|Any CPU
		{7E76BE3C-EFD0-4CB4-B050-32EF1CA651BA}.Debug|Any CPU.Build.0 = Debug|Any CPU
		{7E76BE3C-EFD0-4CB4-B050-32EF1CA651BA}.Release|Any CPU.ActiveCfg = Release|Any CPU
		{7E76BE3C-EFD0-4CB4-B050-32EF1CA651BA}.Release|Any CPU.Build.0 = Release|Any CPU
		{3D862E9E-E047-4909-B742-1F3B607AE56A}.Debug|Any CPU.ActiveCfg = Debug|Any CPU
		{3D862E9E-E047-4909-B742-1F3B607AE56A}.Debug|Any CPU.Build.0 = Debug|Any CPU
		{3D862E9E-E047-4909-B742-1F3B607AE56A}.Release|Any CPU.ActiveCfg = Release|Any CPU
		{3D862E9E-E047-4909-B742-1F3B607AE56A}.Release|Any CPU.Build.0 = Release|Any CPU
		{AE97D0DE-EE1F-4C4D-ABD8-563102E4C63F}.Debug|Any CPU.ActiveCfg = Debug|Any CPU
		{AE97D0DE-EE1F-4C4D-ABD8-563102E4C63F}.Debug|Any CPU.Build.0 = Debug|Any CPU
		{AE97D0DE-EE1F-4C4D-ABD8-563102E4C63F}.Release|Any CPU.ActiveCfg = Release|Any CPU
		{AE97D0DE-EE1F-4C4D-ABD8-563102E4C63F}.Release|Any CPU.Build.0 = Release|Any CPU
		{CB284AE4-BEC4-451E-B2DA-B1EE71527C43}.Debug|Any CPU.ActiveCfg = Debug|Any CPU
		{CB284AE4-BEC4-451E-B2DA-B1EE71527C43}.Debug|Any CPU.Build.0 = Debug|Any CPU
		{CB284AE4-BEC4-451E-B2DA-B1EE71527C43}.Release|Any CPU.ActiveCfg = Release|Any CPU
		{CB284AE4-BEC4-451E-B2DA-B1EE71527C43}.Release|Any CPU.Build.0 = Release|Any CPU
		{095A2693-9489-4BDF-BB74-DFA1D44235D9}.Debug|Any CPU.ActiveCfg = Debug|Any CPU
		{095A2693-9489-4BDF-BB74-DFA1D44235D9}.Debug|Any CPU.Build.0 = Debug|Any CPU
		{095A2693-9489-4BDF-BB74-DFA1D44235D9}.Release|Any CPU.ActiveCfg = Release|Any CPU
		{095A2693-9489-4BDF-BB74-DFA1D44235D9}.Release|Any CPU.Build.0 = Release|Any CPU
		{20E6DE94-54B9-4B0C-98E2-2612FD4D5C85}.Debug|Any CPU.ActiveCfg = Debug|Any CPU
		{20E6DE94-54B9-4B0C-98E2-2612FD4D5C85}.Debug|Any CPU.Build.0 = Debug|Any CPU
		{20E6DE94-54B9-4B0C-98E2-2612FD4D5C85}.Release|Any CPU.ActiveCfg = Release|Any CPU
		{20E6DE94-54B9-4B0C-98E2-2612FD4D5C85}.Release|Any CPU.Build.0 = Release|Any CPU
		{A01053A8-F4DE-492D-A15B-65F9B29383EC}.Debug|Any CPU.ActiveCfg = Debug|Any CPU
		{A01053A8-F4DE-492D-A15B-65F9B29383EC}.Debug|Any CPU.Build.0 = Debug|Any CPU
		{A01053A8-F4DE-492D-A15B-65F9B29383EC}.Release|Any CPU.ActiveCfg = Release|Any CPU
		{A01053A8-F4DE-492D-A15B-65F9B29383EC}.Release|Any CPU.Build.0 = Release|Any CPU
		{5E82DA59-E012-416D-A71A-9789F4809682}.Debug|Any CPU.ActiveCfg = Debug|Any CPU
		{5E82DA59-E012-416D-A71A-9789F4809682}.Debug|Any CPU.Build.0 = Debug|Any CPU
		{5E82DA59-E012-416D-A71A-9789F4809682}.Release|Any CPU.ActiveCfg = Release|Any CPU
		{5E82DA59-E012-416D-A71A-9789F4809682}.Release|Any CPU.Build.0 = Release|Any CPU
		{5814C494-B17B-4DEF-AA43-2FF1A3CA8665}.Debug|Any CPU.ActiveCfg = Debug|Any CPU
		{5814C494-B17B-4DEF-AA43-2FF1A3CA8665}.Debug|Any CPU.Build.0 = Debug|Any CPU
		{5814C494-B17B-4DEF-AA43-2FF1A3CA8665}.Release|Any CPU.ActiveCfg = Release|Any CPU
		{5814C494-B17B-4DEF-AA43-2FF1A3CA8665}.Release|Any CPU.Build.0 = Release|Any CPU
		{FB02CC32-694D-4635-A006-926838973E49}.Debug|Any CPU.ActiveCfg = Debug|Any CPU
		{FB02CC32-694D-4635-A006-926838973E49}.Debug|Any CPU.Build.0 = Debug|Any CPU
		{FB02CC32-694D-4635-A006-926838973E49}.Release|Any CPU.ActiveCfg = Release|Any CPU
		{FB02CC32-694D-4635-A006-926838973E49}.Release|Any CPU.Build.0 = Release|Any CPU
		{28FF6C80-E60B-4E32-AC8F-C1168B0BCC22}.Debug|Any CPU.ActiveCfg = Debug|Any CPU
		{28FF6C80-E60B-4E32-AC8F-C1168B0BCC22}.Debug|Any CPU.Build.0 = Debug|Any CPU
		{28FF6C80-E60B-4E32-AC8F-C1168B0BCC22}.Release|Any CPU.ActiveCfg = Release|Any CPU
		{28FF6C80-E60B-4E32-AC8F-C1168B0BCC22}.Release|Any CPU.Build.0 = Release|Any CPU
		{D15DB24E-E49E-4183-9386-BF9F78D03DA3}.Debug|Any CPU.ActiveCfg = Debug|Any CPU
		{D15DB24E-E49E-4183-9386-BF9F78D03DA3}.Debug|Any CPU.Build.0 = Debug|Any CPU
		{D15DB24E-E49E-4183-9386-BF9F78D03DA3}.Release|Any CPU.ActiveCfg = Release|Any CPU
		{D15DB24E-E49E-4183-9386-BF9F78D03DA3}.Release|Any CPU.Build.0 = Release|Any CPU
		{15058118-7C5E-40E0-A088-65D24353E004}.Debug|Any CPU.ActiveCfg = Debug|Any CPU
		{15058118-7C5E-40E0-A088-65D24353E004}.Debug|Any CPU.Build.0 = Debug|Any CPU
		{15058118-7C5E-40E0-A088-65D24353E004}.Release|Any CPU.ActiveCfg = Release|Any CPU
		{15058118-7C5E-40E0-A088-65D24353E004}.Release|Any CPU.Build.0 = Release|Any CPU
	EndGlobalSection
	GlobalSection(SolutionProperties) = preSolution
		HideSolutionNode = FALSE
	EndGlobalSection
EndGlobal
