
Microsoft Visual Studio Solution File, Format Version 12.00
# Visual Studio 2013
VisualStudioVersion = 12.0.30501.0
MinimumVisualStudioVersion = 10.0.40219.1
Project("{FAE04EC0-301F-11D3-BF4B-00C04F79EFBC}") = "01.ArrayOf20", "01.ArrayOf20\01.ArrayOf20.csproj", "{6F33A3E7-5EDC-4137-95E7-D0DCDDF79DFF}"
EndProject
Project("{FAE04EC0-301F-11D3-BF4B-00C04F79EFBC}") = "02.AreTwoArraysEqual", "02.AreTwoArraysEqual\02.AreTwoArraysEqual.csproj", "{DD183F98-DFA2-4822-BC77-4ADB631543A6}"
EndProject
Project("{FAE04EC0-301F-11D3-BF4B-00C04F79EFBC}") = "03.CompareCharArrays", "03.CompareCharArrays\03.CompareCharArrays.csproj", "{513C1266-D896-45B3-B4A5-1EC15D9011B2}"
EndProject
Project("{FAE04EC0-301F-11D3-BF4B-00C04F79EFBC}") = "04.MaxEqualSequence", "04.MaxEqualSequence\04.MaxEqualSequence.csproj", "{3CC7C89D-551A-40B6-87C5-0F9589F04EB5}"
EndProject
Project("{FAE04EC0-301F-11D3-BF4B-00C04F79EFBC}") = "05.MaxIncreasingSequence", "05.MaxIncreasingSequence\05.MaxIncreasingSequence.csproj", "{B2968D1E-8879-4818-A017-D37FDB3A0E37}"
EndProject
Project("{FAE04EC0-301F-11D3-BF4B-00C04F79EFBC}") = "06.MostIncrasingElementsNonSeq", "06.MostIncrasingElementsNonSeq\06.MostIncrasingElementsNonSeq.csproj", "{4461258B-EAA4-4CBD-93D5-192EC36878DB}"
EndProject
Project("{FAE04EC0-301F-11D3-BF4B-00C04F79EFBC}") = "07.MaxSumSequence", "07.MaxSumSequence\07.MaxSumSequence.csproj", "{99270B47-20CD-4840-AC3C-21417B7A9037}"
EndProject
Project("{FAE04EC0-301F-11D3-BF4B-00C04F79EFBC}") = "08.SelectionSort", "08.SelectionSort\08.SelectionSort.csproj", "{B107BD0D-4670-4E79-AA47-AD32B819C2FA}"
EndProject
Project("{FAE04EC0-301F-11D3-BF4B-00C04F79EFBC}") = "09.MaxSum", "09.MaxSum\09.MaxSum.csproj", "{70BF0C20-6074-4118-BABB-5B948581097B}"
EndProject
Project("{FAE04EC0-301F-11D3-BF4B-00C04F79EFBC}") = "10.MostCommonElement", "10.MostCommonElement\10.MostCommonElement.csproj", "{4D17209B-A5B9-4B91-8089-4FD192F2DA6F}"
EndProject
Project("{FAE04EC0-301F-11D3-BF4B-00C04F79EFBC}") = "11.SequenceWithInputSum", "11.SequenceWithInputSum\11.SequenceWithInputSum.csproj", "{BCA0F13B-F0E0-4CC3-881E-F04E842EE4E0}"
EndProject
Project("{FAE04EC0-301F-11D3-BF4B-00C04F79EFBC}") = "13.SubMatrixOfMaxSum", "13.SubMatrixOfMaxSum\13.SubMatrixOfMaxSum.csproj", "{2E37A70C-2289-4D09-AFD1-58651D086B95}"
EndProject
Project("{FAE04EC0-301F-11D3-BF4B-00C04F79EFBC}") = "12.SquareMatrixes", "12.SquareMatrixes\12.SquareMatrixes.csproj", "{D6CC7348-B2E6-4449-84AD-2BF6E961CB80}"
EndProject
Project("{FAE04EC0-301F-11D3-BF4B-00C04F79EFBC}") = "14.EqualStringElements", "14.EqualStringElements\14.EqualStringElements.csproj", "{8989BD21-4A2F-4D7E-9E49-4B2A1BDF39DE}"
EndProject
Project("{FAE04EC0-301F-11D3-BF4B-00C04F79EFBC}") = "15.AllLatinLetters", "15.AllLatinLetters\15.AllLatinLetters.csproj", "{20A96235-94B3-422F-B465-A1599674E2C7}"
EndProject
Project("{FAE04EC0-301F-11D3-BF4B-00C04F79EFBC}") = "16.BinarySearch", "16.BinarySearch\16.BinarySearch.csproj", "{34106D60-F75F-4B20-BFD8-CE35A0B24FE4}"
EndProject
Project("{FAE04EC0-301F-11D3-BF4B-00C04F79EFBC}") = "17.MergeSort", "17.MergeSorth\17.MergeSort.csproj", "{7F8BDB8E-014F-465B-83E2-7B3AE3E729AC}"
EndProject
Project("{FAE04EC0-301F-11D3-BF4B-00C04F79EFBC}") = "19.AllPrimeNumbers", "19.AllPrimeNumbers\19.AllPrimeNumbers.csproj", "{37319AF8-4BF3-45F1-9067-A6517F028AED}"
EndProject
Project("{FAE04EC0-301F-11D3-BF4B-00C04F79EFBC}") = "20.FindElementsWithSum", "20.FindElementsWithGivenSum\20.FindElementsWithSum.csproj", "{AB5BB6A0-23EC-45BF-8E57-C47822C89314}"
EndProject
Project("{FAE04EC0-301F-11D3-BF4B-00C04F79EFBC}") = "21.K_ElementsWithSum", "21.K_ElementsWithSum\21.K_ElementsWithSum.csproj", "{3E448763-2DCE-4925-AA89-4AB1A8161E55}"
EndProject
Project("{FAE04EC0-301F-11D3-BF4B-00C04F79EFBC}") = "22.SortByRemovingEls", "22.SortByRemovingEls\22.SortByRemovingEls.csproj", "{E696F883-559B-48AB-80BB-64B51C013B43}"
EndProject
Project("{FAE04EC0-301F-11D3-BF4B-00C04F79EFBC}") = "23.AllPermutations", "23.AllPermutations\23.AllPermutations.csproj", "{169DCC4E-074A-47CE-978C-FA3B1AEC0F62}"
EndProject
Project("{FAE04EC0-301F-11D3-BF4B-00C04F79EFBC}") = "24.AllVariations", "24.AllVariations\24.AllVariations.csproj", "{5524802E-D40D-42FD-8F81-046BA1C1F2FD}"
EndProject
Project("{FAE04EC0-301F-11D3-BF4B-00C04F79EFBC}") = "25.AllCombinations", "25.AllCombinations\25.AllCombinations.csproj", "{0E74DAF8-5E4F-4AC0-856C-B30767F7BB22}"
EndProject
Project("{FAE04EC0-301F-11D3-BF4B-00C04F79EFBC}") = "26.ReverseMatrix", "26.ReverseMatrix\26.ReverseMatrix.csproj", "{43F84B7B-7165-4070-AFD5-143F4BEF27D9}"
EndProject
Project("{FAE04EC0-301F-11D3-BF4B-00C04F79EFBC}") = "18.QuickSort", "18.QuickSort\18.QuickSort.csproj", "{DCE1A3BC-CFDD-4E69-B724-4D76807D22E3}"
EndProject
Project("{FAE04EC0-301F-11D3-BF4B-00C04F79EFBC}") = "27.BiggestAreaOfSameNumbers", "27.BiggestAreaOfSameNumbers\27.BiggestAreaOfSameNumbers.csproj", "{287AE32F-E60D-4CEC-9680-DF0382418D6B}"
EndProject
Global
	GlobalSection(SolutionConfigurationPlatforms) = preSolution
		Debug|Any CPU = Debug|Any CPU
		Release|Any CPU = Release|Any CPU
	EndGlobalSection
	GlobalSection(ProjectConfigurationPlatforms) = postSolution
		{6F33A3E7-5EDC-4137-95E7-D0DCDDF79DFF}.Debug|Any CPU.ActiveCfg = Debug|Any CPU
		{6F33A3E7-5EDC-4137-95E7-D0DCDDF79DFF}.Debug|Any CPU.Build.0 = Debug|Any CPU
		{6F33A3E7-5EDC-4137-95E7-D0DCDDF79DFF}.Release|Any CPU.ActiveCfg = Release|Any CPU
		{6F33A3E7-5EDC-4137-95E7-D0DCDDF79DFF}.Release|Any CPU.Build.0 = Release|Any CPU
		{DD183F98-DFA2-4822-BC77-4ADB631543A6}.Debug|Any CPU.ActiveCfg = Debug|Any CPU
		{DD183F98-DFA2-4822-BC77-4ADB631543A6}.Debug|Any CPU.Build.0 = Debug|Any CPU
		{DD183F98-DFA2-4822-BC77-4ADB631543A6}.Release|Any CPU.ActiveCfg = Release|Any CPU
		{DD183F98-DFA2-4822-BC77-4ADB631543A6}.Release|Any CPU.Build.0 = Release|Any CPU
		{513C1266-D896-45B3-B4A5-1EC15D9011B2}.Debug|Any CPU.ActiveCfg = Debug|Any CPU
		{513C1266-D896-45B3-B4A5-1EC15D9011B2}.Debug|Any CPU.Build.0 = Debug|Any CPU
		{513C1266-D896-45B3-B4A5-1EC15D9011B2}.Release|Any CPU.ActiveCfg = Release|Any CPU
		{513C1266-D896-45B3-B4A5-1EC15D9011B2}.Release|Any CPU.Build.0 = Release|Any CPU
		{3CC7C89D-551A-40B6-87C5-0F9589F04EB5}.Debug|Any CPU.ActiveCfg = Debug|Any CPU
		{3CC7C89D-551A-40B6-87C5-0F9589F04EB5}.Debug|Any CPU.Build.0 = Debug|Any CPU
		{3CC7C89D-551A-40B6-87C5-0F9589F04EB5}.Release|Any CPU.ActiveCfg = Release|Any CPU
		{3CC7C89D-551A-40B6-87C5-0F9589F04EB5}.Release|Any CPU.Build.0 = Release|Any CPU
		{B2968D1E-8879-4818-A017-D37FDB3A0E37}.Debug|Any CPU.ActiveCfg = Debug|Any CPU
		{B2968D1E-8879-4818-A017-D37FDB3A0E37}.Debug|Any CPU.Build.0 = Debug|Any CPU
		{B2968D1E-8879-4818-A017-D37FDB3A0E37}.Release|Any CPU.ActiveCfg = Release|Any CPU
		{B2968D1E-8879-4818-A017-D37FDB3A0E37}.Release|Any CPU.Build.0 = Release|Any CPU
		{4461258B-EAA4-4CBD-93D5-192EC36878DB}.Debug|Any CPU.ActiveCfg = Debug|Any CPU
		{4461258B-EAA4-4CBD-93D5-192EC36878DB}.Debug|Any CPU.Build.0 = Debug|Any CPU
		{4461258B-EAA4-4CBD-93D5-192EC36878DB}.Release|Any CPU.ActiveCfg = Release|Any CPU
		{4461258B-EAA4-4CBD-93D5-192EC36878DB}.Release|Any CPU.Build.0 = Release|Any CPU
		{99270B47-20CD-4840-AC3C-21417B7A9037}.Debug|Any CPU.ActiveCfg = Debug|Any CPU
		{99270B47-20CD-4840-AC3C-21417B7A9037}.Debug|Any CPU.Build.0 = Debug|Any CPU
		{99270B47-20CD-4840-AC3C-21417B7A9037}.Release|Any CPU.ActiveCfg = Release|Any CPU
		{99270B47-20CD-4840-AC3C-21417B7A9037}.Release|Any CPU.Build.0 = Release|Any CPU
		{B107BD0D-4670-4E79-AA47-AD32B819C2FA}.Debug|Any CPU.ActiveCfg = Debug|Any CPU
		{B107BD0D-4670-4E79-AA47-AD32B819C2FA}.Debug|Any CPU.Build.0 = Debug|Any CPU
		{B107BD0D-4670-4E79-AA47-AD32B819C2FA}.Release|Any CPU.ActiveCfg = Release|Any CPU
		{B107BD0D-4670-4E79-AA47-AD32B819C2FA}.Release|Any CPU.Build.0 = Release|Any CPU
		{70BF0C20-6074-4118-BABB-5B948581097B}.Debug|Any CPU.ActiveCfg = Debug|Any CPU
		{70BF0C20-6074-4118-BABB-5B948581097B}.Debug|Any CPU.Build.0 = Debug|Any CPU
		{70BF0C20-6074-4118-BABB-5B948581097B}.Release|Any CPU.ActiveCfg = Release|Any CPU
		{70BF0C20-6074-4118-BABB-5B948581097B}.Release|Any CPU.Build.0 = Release|Any CPU
		{4D17209B-A5B9-4B91-8089-4FD192F2DA6F}.Debug|Any CPU.ActiveCfg = Debug|Any CPU
		{4D17209B-A5B9-4B91-8089-4FD192F2DA6F}.Debug|Any CPU.Build.0 = Debug|Any CPU
		{4D17209B-A5B9-4B91-8089-4FD192F2DA6F}.Release|Any CPU.ActiveCfg = Release|Any CPU
		{4D17209B-A5B9-4B91-8089-4FD192F2DA6F}.Release|Any CPU.Build.0 = Release|Any CPU
		{BCA0F13B-F0E0-4CC3-881E-F04E842EE4E0}.Debug|Any CPU.ActiveCfg = Debug|Any CPU
		{BCA0F13B-F0E0-4CC3-881E-F04E842EE4E0}.Debug|Any CPU.Build.0 = Debug|Any CPU
		{BCA0F13B-F0E0-4CC3-881E-F04E842EE4E0}.Release|Any CPU.ActiveCfg = Release|Any CPU
		{BCA0F13B-F0E0-4CC3-881E-F04E842EE4E0}.Release|Any CPU.Build.0 = Release|Any CPU
		{2E37A70C-2289-4D09-AFD1-58651D086B95}.Debug|Any CPU.ActiveCfg = Debug|Any CPU
		{2E37A70C-2289-4D09-AFD1-58651D086B95}.Debug|Any CPU.Build.0 = Debug|Any CPU
		{2E37A70C-2289-4D09-AFD1-58651D086B95}.Release|Any CPU.ActiveCfg = Release|Any CPU
		{2E37A70C-2289-4D09-AFD1-58651D086B95}.Release|Any CPU.Build.0 = Release|Any CPU
		{D6CC7348-B2E6-4449-84AD-2BF6E961CB80}.Debug|Any CPU.ActiveCfg = Debug|Any CPU
		{D6CC7348-B2E6-4449-84AD-2BF6E961CB80}.Debug|Any CPU.Build.0 = Debug|Any CPU
		{D6CC7348-B2E6-4449-84AD-2BF6E961CB80}.Release|Any CPU.ActiveCfg = Release|Any CPU
		{D6CC7348-B2E6-4449-84AD-2BF6E961CB80}.Release|Any CPU.Build.0 = Release|Any CPU
		{8989BD21-4A2F-4D7E-9E49-4B2A1BDF39DE}.Debug|Any CPU.ActiveCfg = Debug|Any CPU
		{8989BD21-4A2F-4D7E-9E49-4B2A1BDF39DE}.Debug|Any CPU.Build.0 = Debug|Any CPU
		{8989BD21-4A2F-4D7E-9E49-4B2A1BDF39DE}.Release|Any CPU.ActiveCfg = Release|Any CPU
		{8989BD21-4A2F-4D7E-9E49-4B2A1BDF39DE}.Release|Any CPU.Build.0 = Release|Any CPU
		{20A96235-94B3-422F-B465-A1599674E2C7}.Debug|Any CPU.ActiveCfg = Debug|Any CPU
		{20A96235-94B3-422F-B465-A1599674E2C7}.Debug|Any CPU.Build.0 = Debug|Any CPU
		{20A96235-94B3-422F-B465-A1599674E2C7}.Release|Any CPU.ActiveCfg = Release|Any CPU
		{20A96235-94B3-422F-B465-A1599674E2C7}.Release|Any CPU.Build.0 = Release|Any CPU
		{34106D60-F75F-4B20-BFD8-CE35A0B24FE4}.Debug|Any CPU.ActiveCfg = Debug|Any CPU
		{34106D60-F75F-4B20-BFD8-CE35A0B24FE4}.Debug|Any CPU.Build.0 = Debug|Any CPU
		{34106D60-F75F-4B20-BFD8-CE35A0B24FE4}.Release|Any CPU.ActiveCfg = Release|Any CPU
		{34106D60-F75F-4B20-BFD8-CE35A0B24FE4}.Release|Any CPU.Build.0 = Release|Any CPU
		{7F8BDB8E-014F-465B-83E2-7B3AE3E729AC}.Debug|Any CPU.ActiveCfg = Debug|Any CPU
		{7F8BDB8E-014F-465B-83E2-7B3AE3E729AC}.Debug|Any CPU.Build.0 = Debug|Any CPU
		{7F8BDB8E-014F-465B-83E2-7B3AE3E729AC}.Release|Any CPU.ActiveCfg = Release|Any CPU
		{7F8BDB8E-014F-465B-83E2-7B3AE3E729AC}.Release|Any CPU.Build.0 = Release|Any CPU
		{37319AF8-4BF3-45F1-9067-A6517F028AED}.Debug|Any CPU.ActiveCfg = Debug|Any CPU
		{37319AF8-4BF3-45F1-9067-A6517F028AED}.Debug|Any CPU.Build.0 = Debug|Any CPU
		{37319AF8-4BF3-45F1-9067-A6517F028AED}.Release|Any CPU.ActiveCfg = Release|Any CPU
		{37319AF8-4BF3-45F1-9067-A6517F028AED}.Release|Any CPU.Build.0 = Release|Any CPU
		{AB5BB6A0-23EC-45BF-8E57-C47822C89314}.Debug|Any CPU.ActiveCfg = Debug|Any CPU
		{AB5BB6A0-23EC-45BF-8E57-C47822C89314}.Debug|Any CPU.Build.0 = Debug|Any CPU
		{AB5BB6A0-23EC-45BF-8E57-C47822C89314}.Release|Any CPU.ActiveCfg = Release|Any CPU
		{AB5BB6A0-23EC-45BF-8E57-C47822C89314}.Release|Any CPU.Build.0 = Release|Any CPU
		{3E448763-2DCE-4925-AA89-4AB1A8161E55}.Debug|Any CPU.ActiveCfg = Debug|Any CPU
		{3E448763-2DCE-4925-AA89-4AB1A8161E55}.Debug|Any CPU.Build.0 = Debug|Any CPU
		{3E448763-2DCE-4925-AA89-4AB1A8161E55}.Release|Any CPU.ActiveCfg = Release|Any CPU
		{3E448763-2DCE-4925-AA89-4AB1A8161E55}.Release|Any CPU.Build.0 = Release|Any CPU
		{E696F883-559B-48AB-80BB-64B51C013B43}.Debug|Any CPU.ActiveCfg = Debug|Any CPU
		{E696F883-559B-48AB-80BB-64B51C013B43}.Debug|Any CPU.Build.0 = Debug|Any CPU
		{E696F883-559B-48AB-80BB-64B51C013B43}.Release|Any CPU.ActiveCfg = Release|Any CPU
		{E696F883-559B-48AB-80BB-64B51C013B43}.Release|Any CPU.Build.0 = Release|Any CPU
		{169DCC4E-074A-47CE-978C-FA3B1AEC0F62}.Debug|Any CPU.ActiveCfg = Debug|Any CPU
		{169DCC4E-074A-47CE-978C-FA3B1AEC0F62}.Debug|Any CPU.Build.0 = Debug|Any CPU
		{169DCC4E-074A-47CE-978C-FA3B1AEC0F62}.Release|Any CPU.ActiveCfg = Release|Any CPU
		{169DCC4E-074A-47CE-978C-FA3B1AEC0F62}.Release|Any CPU.Build.0 = Release|Any CPU
		{5524802E-D40D-42FD-8F81-046BA1C1F2FD}.Debug|Any CPU.ActiveCfg = Debug|Any CPU
		{5524802E-D40D-42FD-8F81-046BA1C1F2FD}.Debug|Any CPU.Build.0 = Debug|Any CPU
		{5524802E-D40D-42FD-8F81-046BA1C1F2FD}.Release|Any CPU.ActiveCfg = Release|Any CPU
		{5524802E-D40D-42FD-8F81-046BA1C1F2FD}.Release|Any CPU.Build.0 = Release|Any CPU
		{0E74DAF8-5E4F-4AC0-856C-B30767F7BB22}.Debug|Any CPU.ActiveCfg = Debug|Any CPU
		{0E74DAF8-5E4F-4AC0-856C-B30767F7BB22}.Debug|Any CPU.Build.0 = Debug|Any CPU
		{0E74DAF8-5E4F-4AC0-856C-B30767F7BB22}.Release|Any CPU.ActiveCfg = Release|Any CPU
		{0E74DAF8-5E4F-4AC0-856C-B30767F7BB22}.Release|Any CPU.Build.0 = Release|Any CPU
		{43F84B7B-7165-4070-AFD5-143F4BEF27D9}.Debug|Any CPU.ActiveCfg = Debug|Any CPU
		{43F84B7B-7165-4070-AFD5-143F4BEF27D9}.Debug|Any CPU.Build.0 = Debug|Any CPU
		{43F84B7B-7165-4070-AFD5-143F4BEF27D9}.Release|Any CPU.ActiveCfg = Release|Any CPU
		{43F84B7B-7165-4070-AFD5-143F4BEF27D9}.Release|Any CPU.Build.0 = Release|Any CPU
		{DCE1A3BC-CFDD-4E69-B724-4D76807D22E3}.Debug|Any CPU.ActiveCfg = Debug|Any CPU
		{DCE1A3BC-CFDD-4E69-B724-4D76807D22E3}.Debug|Any CPU.Build.0 = Debug|Any CPU
		{DCE1A3BC-CFDD-4E69-B724-4D76807D22E3}.Release|Any CPU.ActiveCfg = Release|Any CPU
		{DCE1A3BC-CFDD-4E69-B724-4D76807D22E3}.Release|Any CPU.Build.0 = Release|Any CPU
		{287AE32F-E60D-4CEC-9680-DF0382418D6B}.Debug|Any CPU.ActiveCfg = Debug|Any CPU
		{287AE32F-E60D-4CEC-9680-DF0382418D6B}.Debug|Any CPU.Build.0 = Debug|Any CPU
		{287AE32F-E60D-4CEC-9680-DF0382418D6B}.Release|Any CPU.ActiveCfg = Release|Any CPU
		{287AE32F-E60D-4CEC-9680-DF0382418D6B}.Release|Any CPU.Build.0 = Release|Any CPU
	EndGlobalSection
	GlobalSection(SolutionProperties) = preSolution
		HideSolutionNode = FALSE
	EndGlobalSection
EndGlobal
