
Microsoft Visual Studio Solution File, Format Version 12.00
# Visual Studio 2013
VisualStudioVersion = 12.0.30501.0
MinimumVisualStudioVersion = 10.0.40219.1
Project("{FAE04EC0-301F-11D3-BF4B-00C04F79EFBC}") = "01.ArrayOf20Ints", "01.Test\01.ArrayOf20Ints.csproj", "{7FE15E6C-D484-43EC-950D-0CA03F13E48B}"
EndProject
Project("{FAE04EC0-301F-11D3-BF4B-00C04F79EFBC}") = "02.CompareTwoArrays", "02.CompareTwoArrays\02.CompareTwoArrays.csproj", "{2F6D3FC5-6577-44F0-BD55-310106DC468A}"
EndProject
Project("{FAE04EC0-301F-11D3-BF4B-00C04F79EFBC}") = "03.CompareLexicographically", "03.CompareTwoArrsLexicographically\03.CompareLexicographically.csproj", "{79C6A928-AD20-43F6-86A9-E860EAEAD38F}"
EndProject
Project("{FAE04EC0-301F-11D3-BF4B-00C04F79EFBC}") = "04.MaxSeqEqualEls", "04.MaxSeqEqualEls\04.MaxSeqEqualEls.csproj", "{752F0A18-B382-4D5E-B18C-0EF64C8FDC31}"
EndProject
Project("{FAE04EC0-301F-11D3-BF4B-00C04F79EFBC}") = "05.MaxIncreasingSequence", "05.MaxIncreasingSequence\05.MaxIncreasingSequence.csproj", "{1DD6932A-B807-48AA-AD97-6824E937D2F9}"
EndProject
Project("{FAE04EC0-301F-11D3-BF4B-00C04F79EFBC}") = "06.ElementsWithMaxSum", "06.ElementsWithMaxSum\06.ElementsWithMaxSum.csproj", "{3DD9FBA5-B39A-451E-BCFF-73CD018C4D2B}"
EndProject
Project("{FAE04EC0-301F-11D3-BF4B-00C04F79EFBC}") = "07.SelectionSort", "07.SelectionSort\07.SelectionSort.csproj", "{C386BFC1-0B43-455E-A4A8-51095190CF38}"
EndProject
Project("{FAE04EC0-301F-11D3-BF4B-00C04F79EFBC}") = "08.SequenceOfMaxSum", "08.SequenceOfMaxSum\08.SequenceOfMaxSum.csproj", "{512E20E1-9FAE-476A-A26B-1C62B6459D90}"
EndProject
Project("{FAE04EC0-301F-11D3-BF4B-00C04F79EFBC}") = "09.MostFrequentNumber", "09.MostFrequentNumber\09.MostFrequentNumber.csproj", "{521F2AFA-3077-4F93-9D39-87CFE08D8AE1}"
EndProject
Project("{FAE04EC0-301F-11D3-BF4B-00C04F79EFBC}") = "10.SequenceOfGivenSum", "10.SequenceOfGivenSum\10.SequenceOfGivenSum.csproj", "{4CFE779B-44F8-4358-9792-BE114B1A5F85}"
EndProject
Project("{FAE04EC0-301F-11D3-BF4B-00C04F79EFBC}") = "11.BinarySearch", "11.BinarySearch\11.BinarySearch.csproj", "{D732E2E2-F39D-4F33-B228-7519058F70F4}"
EndProject
Project("{FAE04EC0-301F-11D3-BF4B-00C04F79EFBC}") = "12.IndexOfLetters", "12.IndexOfLetters\12.IndexOfLetters.csproj", "{8A2F43E0-67BA-446C-AF91-E610C8F3B600}"
EndProject
Project("{FAE04EC0-301F-11D3-BF4B-00C04F79EFBC}") = "13.MergeSortAlgorithm", "13.MergeSortAlgorithm\13.MergeSortAlgorithm.csproj", "{79C7466D-2D3C-4031-8C3B-5E8E5DC249BB}"
EndProject
Project("{FAE04EC0-301F-11D3-BF4B-00C04F79EFBC}") = "14.QuickSortAlgorithm", "14.QuickSortAlgorithm\14.QuickSortAlgorithm.csproj", "{F00029F5-BE34-44E1-A495-5659301F2630}"
EndProject
Project("{FAE04EC0-301F-11D3-BF4B-00C04F79EFBC}") = "15.SieveOfEratosthenes", "15.SieveOfEratosthenes\15.SieveOfEratosthenes.csproj", "{DB5BA886-F209-4796-9917-8701872A2A1A}"
EndProject
Project("{FAE04EC0-301F-11D3-BF4B-00C04F79EFBC}") = "16.SubsetOfSumS", "16.SubsetOfSumS\16.SubsetOfSumS.csproj", "{AF34475B-A062-4FC4-A946-1DC6FA65F24D}"
EndProject
Project("{FAE04EC0-301F-11D3-BF4B-00C04F79EFBC}") = "17.SubsetOfKElsSumS", "17.SubsetOfKElsSumS\17.SubsetOfKElsSumS.csproj", "{E5829BF1-18E7-4703-80B2-2CA1DDAF320F}"
EndProject
Project("{FAE04EC0-301F-11D3-BF4B-00C04F79EFBC}") = "19.AllPermutations", "19.AllPermutations\19.AllPermutations.csproj", "{C0F5B06D-8D07-48A2-9CBA-60ADD44FD91E}"
EndProject
Project("{FAE04EC0-301F-11D3-BF4B-00C04F79EFBC}") = "18.SortByRemovingElements", "18.SortByRemovingElements\18.SortByRemovingElements.csproj", "{EF1AA3EE-875C-4AC9-A186-29B5830F970C}"
EndProject
Project("{FAE04EC0-301F-11D3-BF4B-00C04F79EFBC}") = "20.AllVariations", "20.AllVariations\20.AllVariations.csproj", "{AB5F3C5B-1460-4835-8457-D50257365EFE}"
EndProject
Project("{FAE04EC0-301F-11D3-BF4B-00C04F79EFBC}") = "21.AllCombinations", "21.AllCombinations\21.AllCombinations.csproj", "{60CB90A6-3E39-4D95-B819-CAEE7346C92C}"
EndProject
Global
	GlobalSection(SolutionConfigurationPlatforms) = preSolution
		Debug|Any CPU = Debug|Any CPU
		Release|Any CPU = Release|Any CPU
	EndGlobalSection
	GlobalSection(ProjectConfigurationPlatforms) = postSolution
		{7FE15E6C-D484-43EC-950D-0CA03F13E48B}.Debug|Any CPU.ActiveCfg = Debug|Any CPU
		{7FE15E6C-D484-43EC-950D-0CA03F13E48B}.Debug|Any CPU.Build.0 = Debug|Any CPU
		{7FE15E6C-D484-43EC-950D-0CA03F13E48B}.Release|Any CPU.ActiveCfg = Release|Any CPU
		{7FE15E6C-D484-43EC-950D-0CA03F13E48B}.Release|Any CPU.Build.0 = Release|Any CPU
		{2F6D3FC5-6577-44F0-BD55-310106DC468A}.Debug|Any CPU.ActiveCfg = Debug|Any CPU
		{2F6D3FC5-6577-44F0-BD55-310106DC468A}.Debug|Any CPU.Build.0 = Debug|Any CPU
		{2F6D3FC5-6577-44F0-BD55-310106DC468A}.Release|Any CPU.ActiveCfg = Release|Any CPU
		{2F6D3FC5-6577-44F0-BD55-310106DC468A}.Release|Any CPU.Build.0 = Release|Any CPU
		{79C6A928-AD20-43F6-86A9-E860EAEAD38F}.Debug|Any CPU.ActiveCfg = Debug|Any CPU
		{79C6A928-AD20-43F6-86A9-E860EAEAD38F}.Debug|Any CPU.Build.0 = Debug|Any CPU
		{79C6A928-AD20-43F6-86A9-E860EAEAD38F}.Release|Any CPU.ActiveCfg = Release|Any CPU
		{79C6A928-AD20-43F6-86A9-E860EAEAD38F}.Release|Any CPU.Build.0 = Release|Any CPU
		{752F0A18-B382-4D5E-B18C-0EF64C8FDC31}.Debug|Any CPU.ActiveCfg = Debug|Any CPU
		{752F0A18-B382-4D5E-B18C-0EF64C8FDC31}.Debug|Any CPU.Build.0 = Debug|Any CPU
		{752F0A18-B382-4D5E-B18C-0EF64C8FDC31}.Release|Any CPU.ActiveCfg = Release|Any CPU
		{752F0A18-B382-4D5E-B18C-0EF64C8FDC31}.Release|Any CPU.Build.0 = Release|Any CPU
		{1DD6932A-B807-48AA-AD97-6824E937D2F9}.Debug|Any CPU.ActiveCfg = Debug|Any CPU
		{1DD6932A-B807-48AA-AD97-6824E937D2F9}.Debug|Any CPU.Build.0 = Debug|Any CPU
		{1DD6932A-B807-48AA-AD97-6824E937D2F9}.Release|Any CPU.ActiveCfg = Release|Any CPU
		{1DD6932A-B807-48AA-AD97-6824E937D2F9}.Release|Any CPU.Build.0 = Release|Any CPU
		{3DD9FBA5-B39A-451E-BCFF-73CD018C4D2B}.Debug|Any CPU.ActiveCfg = Debug|Any CPU
		{3DD9FBA5-B39A-451E-BCFF-73CD018C4D2B}.Debug|Any CPU.Build.0 = Debug|Any CPU
		{3DD9FBA5-B39A-451E-BCFF-73CD018C4D2B}.Release|Any CPU.ActiveCfg = Release|Any CPU
		{3DD9FBA5-B39A-451E-BCFF-73CD018C4D2B}.Release|Any CPU.Build.0 = Release|Any CPU
		{C386BFC1-0B43-455E-A4A8-51095190CF38}.Debug|Any CPU.ActiveCfg = Debug|Any CPU
		{C386BFC1-0B43-455E-A4A8-51095190CF38}.Debug|Any CPU.Build.0 = Debug|Any CPU
		{C386BFC1-0B43-455E-A4A8-51095190CF38}.Release|Any CPU.ActiveCfg = Release|Any CPU
		{C386BFC1-0B43-455E-A4A8-51095190CF38}.Release|Any CPU.Build.0 = Release|Any CPU
		{512E20E1-9FAE-476A-A26B-1C62B6459D90}.Debug|Any CPU.ActiveCfg = Debug|Any CPU
		{512E20E1-9FAE-476A-A26B-1C62B6459D90}.Debug|Any CPU.Build.0 = Debug|Any CPU
		{512E20E1-9FAE-476A-A26B-1C62B6459D90}.Release|Any CPU.ActiveCfg = Release|Any CPU
		{512E20E1-9FAE-476A-A26B-1C62B6459D90}.Release|Any CPU.Build.0 = Release|Any CPU
		{521F2AFA-3077-4F93-9D39-87CFE08D8AE1}.Debug|Any CPU.ActiveCfg = Debug|Any CPU
		{521F2AFA-3077-4F93-9D39-87CFE08D8AE1}.Debug|Any CPU.Build.0 = Debug|Any CPU
		{521F2AFA-3077-4F93-9D39-87CFE08D8AE1}.Release|Any CPU.ActiveCfg = Release|Any CPU
		{521F2AFA-3077-4F93-9D39-87CFE08D8AE1}.Release|Any CPU.Build.0 = Release|Any CPU
		{4CFE779B-44F8-4358-9792-BE114B1A5F85}.Debug|Any CPU.ActiveCfg = Debug|Any CPU
		{4CFE779B-44F8-4358-9792-BE114B1A5F85}.Debug|Any CPU.Build.0 = Debug|Any CPU
		{4CFE779B-44F8-4358-9792-BE114B1A5F85}.Release|Any CPU.ActiveCfg = Release|Any CPU
		{4CFE779B-44F8-4358-9792-BE114B1A5F85}.Release|Any CPU.Build.0 = Release|Any CPU
		{D732E2E2-F39D-4F33-B228-7519058F70F4}.Debug|Any CPU.ActiveCfg = Debug|Any CPU
		{D732E2E2-F39D-4F33-B228-7519058F70F4}.Debug|Any CPU.Build.0 = Debug|Any CPU
		{D732E2E2-F39D-4F33-B228-7519058F70F4}.Release|Any CPU.ActiveCfg = Release|Any CPU
		{D732E2E2-F39D-4F33-B228-7519058F70F4}.Release|Any CPU.Build.0 = Release|Any CPU
		{8A2F43E0-67BA-446C-AF91-E610C8F3B600}.Debug|Any CPU.ActiveCfg = Debug|Any CPU
		{8A2F43E0-67BA-446C-AF91-E610C8F3B600}.Debug|Any CPU.Build.0 = Debug|Any CPU
		{8A2F43E0-67BA-446C-AF91-E610C8F3B600}.Release|Any CPU.ActiveCfg = Release|Any CPU
		{8A2F43E0-67BA-446C-AF91-E610C8F3B600}.Release|Any CPU.Build.0 = Release|Any CPU
		{79C7466D-2D3C-4031-8C3B-5E8E5DC249BB}.Debug|Any CPU.ActiveCfg = Debug|Any CPU
		{79C7466D-2D3C-4031-8C3B-5E8E5DC249BB}.Debug|Any CPU.Build.0 = Debug|Any CPU
		{79C7466D-2D3C-4031-8C3B-5E8E5DC249BB}.Release|Any CPU.ActiveCfg = Release|Any CPU
		{79C7466D-2D3C-4031-8C3B-5E8E5DC249BB}.Release|Any CPU.Build.0 = Release|Any CPU
		{F00029F5-BE34-44E1-A495-5659301F2630}.Debug|Any CPU.ActiveCfg = Debug|Any CPU
		{F00029F5-BE34-44E1-A495-5659301F2630}.Debug|Any CPU.Build.0 = Debug|Any CPU
		{F00029F5-BE34-44E1-A495-5659301F2630}.Release|Any CPU.ActiveCfg = Release|Any CPU
		{F00029F5-BE34-44E1-A495-5659301F2630}.Release|Any CPU.Build.0 = Release|Any CPU
		{DB5BA886-F209-4796-9917-8701872A2A1A}.Debug|Any CPU.ActiveCfg = Debug|Any CPU
		{DB5BA886-F209-4796-9917-8701872A2A1A}.Debug|Any CPU.Build.0 = Debug|Any CPU
		{DB5BA886-F209-4796-9917-8701872A2A1A}.Release|Any CPU.ActiveCfg = Release|Any CPU
		{DB5BA886-F209-4796-9917-8701872A2A1A}.Release|Any CPU.Build.0 = Release|Any CPU
		{AF34475B-A062-4FC4-A946-1DC6FA65F24D}.Debug|Any CPU.ActiveCfg = Debug|Any CPU
		{AF34475B-A062-4FC4-A946-1DC6FA65F24D}.Debug|Any CPU.Build.0 = Debug|Any CPU
		{AF34475B-A062-4FC4-A946-1DC6FA65F24D}.Release|Any CPU.ActiveCfg = Release|Any CPU
		{AF34475B-A062-4FC4-A946-1DC6FA65F24D}.Release|Any CPU.Build.0 = Release|Any CPU
		{E5829BF1-18E7-4703-80B2-2CA1DDAF320F}.Debug|Any CPU.ActiveCfg = Debug|Any CPU
		{E5829BF1-18E7-4703-80B2-2CA1DDAF320F}.Debug|Any CPU.Build.0 = Debug|Any CPU
		{E5829BF1-18E7-4703-80B2-2CA1DDAF320F}.Release|Any CPU.ActiveCfg = Release|Any CPU
		{E5829BF1-18E7-4703-80B2-2CA1DDAF320F}.Release|Any CPU.Build.0 = Release|Any CPU
		{C0F5B06D-8D07-48A2-9CBA-60ADD44FD91E}.Debug|Any CPU.ActiveCfg = Debug|Any CPU
		{C0F5B06D-8D07-48A2-9CBA-60ADD44FD91E}.Debug|Any CPU.Build.0 = Debug|Any CPU
		{C0F5B06D-8D07-48A2-9CBA-60ADD44FD91E}.Release|Any CPU.ActiveCfg = Release|Any CPU
		{C0F5B06D-8D07-48A2-9CBA-60ADD44FD91E}.Release|Any CPU.Build.0 = Release|Any CPU
		{EF1AA3EE-875C-4AC9-A186-29B5830F970C}.Debug|Any CPU.ActiveCfg = Debug|Any CPU
		{EF1AA3EE-875C-4AC9-A186-29B5830F970C}.Debug|Any CPU.Build.0 = Debug|Any CPU
		{EF1AA3EE-875C-4AC9-A186-29B5830F970C}.Release|Any CPU.ActiveCfg = Release|Any CPU
		{EF1AA3EE-875C-4AC9-A186-29B5830F970C}.Release|Any CPU.Build.0 = Release|Any CPU
		{AB5F3C5B-1460-4835-8457-D50257365EFE}.Debug|Any CPU.ActiveCfg = Debug|Any CPU
		{AB5F3C5B-1460-4835-8457-D50257365EFE}.Debug|Any CPU.Build.0 = Debug|Any CPU
		{AB5F3C5B-1460-4835-8457-D50257365EFE}.Release|Any CPU.ActiveCfg = Release|Any CPU
		{AB5F3C5B-1460-4835-8457-D50257365EFE}.Release|Any CPU.Build.0 = Release|Any CPU
		{60CB90A6-3E39-4D95-B819-CAEE7346C92C}.Debug|Any CPU.ActiveCfg = Debug|Any CPU
		{60CB90A6-3E39-4D95-B819-CAEE7346C92C}.Debug|Any CPU.Build.0 = Debug|Any CPU
		{60CB90A6-3E39-4D95-B819-CAEE7346C92C}.Release|Any CPU.ActiveCfg = Release|Any CPU
		{60CB90A6-3E39-4D95-B819-CAEE7346C92C}.Release|Any CPU.Build.0 = Release|Any CPU
	EndGlobalSection
	GlobalSection(SolutionProperties) = preSolution
		HideSolutionNode = FALSE
	EndGlobalSection
EndGlobal
