
Microsoft Visual Studio Solution File, Format Version 12.00
# Visual Studio 2013
VisualStudioVersion = 12.0.31101.0
MinimumVisualStudioVersion = 10.0.40219.1
Project("{FAE04EC0-301F-11D3-BF4B-00C04F79EFBC}") = "01.SchoolSystem", "01.SchoolSystem\01.SchoolSystem.csproj", "{F79914FF-1A3C-4410-BFE1-55F6AB71C034}"
EndProject
Project("{FAE04EC0-301F-11D3-BF4B-00C04F79EFBC}") = "02.SchoolSystem.Test", "02.SchoolSystem.Test\02.SchoolSystem.Test.csproj", "{1DC282FC-3572-415E-A93B-1A7BBCAF9393}"
EndProject
Global
	GlobalSection(SolutionConfigurationPlatforms) = preSolution
		Debug|Any CPU = Debug|Any CPU
		Release|Any CPU = Release|Any CPU
	EndGlobalSection
	GlobalSection(ProjectConfigurationPlatforms) = postSolution
		{F79914FF-1A3C-4410-BFE1-55F6AB71C034}.Debug|Any CPU.ActiveCfg = Debug|Any CPU
		{F79914FF-1A3C-4410-BFE1-55F6AB71C034}.Debug|Any CPU.Build.0 = Debug|Any CPU
		{F79914FF-1A3C-4410-BFE1-55F6AB71C034}.Release|Any CPU.ActiveCfg = Release|Any CPU
		{F79914FF-1A3C-4410-BFE1-55F6AB71C034}.Release|Any CPU.Build.0 = Release|Any CPU
		{1DC282FC-3572-415E-A93B-1A7BBCAF9393}.Debug|Any CPU.ActiveCfg = Debug|Any CPU
		{1DC282FC-3572-415E-A93B-1A7BBCAF9393}.Debug|Any CPU.Build.0 = Debug|Any CPU
		{1DC282FC-3572-415E-A93B-1A7BBCAF9393}.Release|Any CPU.ActiveCfg = Release|Any CPU
		{1DC282FC-3572-415E-A93B-1A7BBCAF9393}.Release|Any CPU.Build.0 = Release|Any CPU
	EndGlobalSection
	GlobalSection(SolutionProperties) = preSolution
		HideSolutionNode = FALSE
	EndGlobalSection
EndGlobal
