
Microsoft Visual Studio Solution File, Format Version 12.00
# Visual Studio 2013
VisualStudioVersion = 12.0.30501.0
MinimumVisualStudioVersion = 10.0.40219.1
Project("{FAE04EC0-301F-11D3-BF4B-00C04F79EFBC}") = "02.SquareWithMaxSum", "03.SquareWithMaxSum\02.SquareWithMaxSum.csproj", "{F9E01998-DFE3-4212-AD8D-B77DD4CBFC48}"
EndProject
Project("{FAE04EC0-301F-11D3-BF4B-00C04F79EFBC}") = "01.FourMatrixes", "01.FourMatrixes\01.FourMatrixes.csproj", "{83C102AA-D66C-45EA-AED6-098F8C8227A1}"
EndProject
Project("{FAE04EC0-301F-11D3-BF4B-00C04F79EFBC}") = "03.LongestSequence", "03.LongestSequence\03.LongestSequence.csproj", "{225BCA22-88D2-445A-87E5-6C8999C6CEB1}"
EndProject
Project("{FAE04EC0-301F-11D3-BF4B-00C04F79EFBC}") = "04.FindWithBinarySearch", "04.FindWithBinarySearch\04.FindWithBinarySearch.csproj", "{ECD91E4B-47DB-4A49-8C6D-9C46859B7F26}"
EndProject
Project("{FAE04EC0-301F-11D3-BF4B-00C04F79EFBC}") = "05.SortByLengthOfElements", "05.SortByLengthOfElements\05.SortByLengthOfElements.csproj", "{9EC94393-0B42-45C4-9A8F-321C8B854264}"
EndProject
Project("{FAE04EC0-301F-11D3-BF4B-00C04F79EFBC}") = "06.Matrix", "06.ClassMatrix\06.Matrix.csproj", "{B9A4169D-E269-4D50-93D3-443DAC56C88F}"
EndProject
Project("{FAE04EC0-301F-11D3-BF4B-00C04F79EFBC}") = "07.LargestArea", "07.LargestArea\07.LargestArea.csproj", "{60A02FCD-0F90-4DD0-9F61-BB677D65EE01}"
EndProject
Global
	GlobalSection(SolutionConfigurationPlatforms) = preSolution
		Debug|Any CPU = Debug|Any CPU
		Release|Any CPU = Release|Any CPU
	EndGlobalSection
	GlobalSection(ProjectConfigurationPlatforms) = postSolution
		{F9E01998-DFE3-4212-AD8D-B77DD4CBFC48}.Debug|Any CPU.ActiveCfg = Debug|Any CPU
		{F9E01998-DFE3-4212-AD8D-B77DD4CBFC48}.Debug|Any CPU.Build.0 = Debug|Any CPU
		{F9E01998-DFE3-4212-AD8D-B77DD4CBFC48}.Release|Any CPU.ActiveCfg = Release|Any CPU
		{F9E01998-DFE3-4212-AD8D-B77DD4CBFC48}.Release|Any CPU.Build.0 = Release|Any CPU
		{83C102AA-D66C-45EA-AED6-098F8C8227A1}.Debug|Any CPU.ActiveCfg = Debug|Any CPU
		{83C102AA-D66C-45EA-AED6-098F8C8227A1}.Debug|Any CPU.Build.0 = Debug|Any CPU
		{83C102AA-D66C-45EA-AED6-098F8C8227A1}.Release|Any CPU.ActiveCfg = Release|Any CPU
		{83C102AA-D66C-45EA-AED6-098F8C8227A1}.Release|Any CPU.Build.0 = Release|Any CPU
		{225BCA22-88D2-445A-87E5-6C8999C6CEB1}.Debug|Any CPU.ActiveCfg = Debug|Any CPU
		{225BCA22-88D2-445A-87E5-6C8999C6CEB1}.Debug|Any CPU.Build.0 = Debug|Any CPU
		{225BCA22-88D2-445A-87E5-6C8999C6CEB1}.Release|Any CPU.ActiveCfg = Release|Any CPU
		{225BCA22-88D2-445A-87E5-6C8999C6CEB1}.Release|Any CPU.Build.0 = Release|Any CPU
		{ECD91E4B-47DB-4A49-8C6D-9C46859B7F26}.Debug|Any CPU.ActiveCfg = Debug|Any CPU
		{ECD91E4B-47DB-4A49-8C6D-9C46859B7F26}.Debug|Any CPU.Build.0 = Debug|Any CPU
		{ECD91E4B-47DB-4A49-8C6D-9C46859B7F26}.Release|Any CPU.ActiveCfg = Release|Any CPU
		{ECD91E4B-47DB-4A49-8C6D-9C46859B7F26}.Release|Any CPU.Build.0 = Release|Any CPU
		{9EC94393-0B42-45C4-9A8F-321C8B854264}.Debug|Any CPU.ActiveCfg = Debug|Any CPU
		{9EC94393-0B42-45C4-9A8F-321C8B854264}.Debug|Any CPU.Build.0 = Debug|Any CPU
		{9EC94393-0B42-45C4-9A8F-321C8B854264}.Release|Any CPU.ActiveCfg = Release|Any CPU
		{9EC94393-0B42-45C4-9A8F-321C8B854264}.Release|Any CPU.Build.0 = Release|Any CPU
		{B9A4169D-E269-4D50-93D3-443DAC56C88F}.Debug|Any CPU.ActiveCfg = Debug|Any CPU
		{B9A4169D-E269-4D50-93D3-443DAC56C88F}.Debug|Any CPU.Build.0 = Debug|Any CPU
		{B9A4169D-E269-4D50-93D3-443DAC56C88F}.Release|Any CPU.ActiveCfg = Release|Any CPU
		{B9A4169D-E269-4D50-93D3-443DAC56C88F}.Release|Any CPU.Build.0 = Release|Any CPU
		{60A02FCD-0F90-4DD0-9F61-BB677D65EE01}.Debug|Any CPU.ActiveCfg = Debug|Any CPU
		{60A02FCD-0F90-4DD0-9F61-BB677D65EE01}.Debug|Any CPU.Build.0 = Debug|Any CPU
		{60A02FCD-0F90-4DD0-9F61-BB677D65EE01}.Release|Any CPU.ActiveCfg = Release|Any CPU
		{60A02FCD-0F90-4DD0-9F61-BB677D65EE01}.Release|Any CPU.Build.0 = Release|Any CPU
	EndGlobalSection
	GlobalSection(SolutionProperties) = preSolution
		HideSolutionNode = FALSE
	EndGlobalSection
EndGlobal
