
Microsoft Visual Studio Solution File, Format Version 12.00
# Visual Studio 2013
VisualStudioVersion = 12.0.21005.1
MinimumVisualStudioVersion = 10.0.40219.1
Project("{FAE04EC0-301F-11D3-BF4B-00C04F79EFBC}") = "01. OddOrEven", "01. OddOrEven\01. OddOrEven.csproj", "{F57F4B11-5F86-44B6-BB99-D85ED918814D}"
EndProject
Project("{FAE04EC0-301F-11D3-BF4B-00C04F79EFBC}") = "02. IsItDividableBy5and7", "02. IsItDivisibleBy5and7\02. IsItDividableBy5and7.csproj", "{4A3EEAE9-267D-4C94-A62D-370BCED51699}"
EndProject
Project("{FAE04EC0-301F-11D3-BF4B-00C04F79EFBC}") = "03. RectangleArea", "03. RectangleArea\03. RectangleArea.csproj", "{E025355A-D9DE-4298-B25D-F61935461717}"
EndProject
Project("{FAE04EC0-301F-11D3-BF4B-00C04F79EFBC}") = "04. IsThirdDigit7", "04.IsThirdDigit7\04. IsThirdDigit7.csproj", "{8D849408-01CA-4F28-8D04-CEA1A9ABA4F0}"
EndProject
Project("{FAE04EC0-301F-11D3-BF4B-00C04F79EFBC}") = "05. IsThirdBit1or0", "05. IsThirdBit1or0\05. IsThirdBit1or0.csproj", "{18D94953-D28A-40DF-A8A1-0F309657A2D5}"
EndProject
Project("{FAE04EC0-301F-11D3-BF4B-00C04F79EFBC}") = "06. IsPointWithinCIrcle", "06. IsPointWithinCIrcle\06. IsPointWithinCIrcle.csproj", "{06BFB003-F8D2-4ED4-A94A-6A2A9EF91314}"
EndProject
Project("{FAE04EC0-301F-11D3-BF4B-00C04F79EFBC}") = "07. IsNumberPrime-solution 1", "07. IsNumberPrime\07. IsNumberPrime-solution 1.csproj", "{DC5AE479-97BA-439A-9785-5D6AEA76F225}"
EndProject
Project("{FAE04EC0-301F-11D3-BF4B-00C04F79EFBC}") = "08. TrapezoidArea", "08. TrapezoidArea\08. TrapezoidArea.csproj", "{3F023C55-FC78-41C3-AE38-19B7E58D563B}"
EndProject
Project("{FAE04EC0-301F-11D3-BF4B-00C04F79EFBC}") = "09. WithinCircleAndOutOfRect", "09. WithinCircleAndOutOfRect\09. WithinCircleAndOutOfRect.csproj", "{61286525-19E8-48A6-BF15-B6BA0EF06D2A}"
EndProject
Project("{FAE04EC0-301F-11D3-BF4B-00C04F79EFBC}") = "10. IsTheBitAtPosP-1", "10. IsTheBitAtPosP-1\10. IsTheBitAtPosP-1.csproj", "{8B6DD56A-1161-4EE9-97D0-42E1D2B76A7B}"
EndProject
Project("{FAE04EC0-301F-11D3-BF4B-00C04F79EFBC}") = "11. ExtractBitFromPosB", "11. ExtractBitFromPosB\11. ExtractBitFromPosB.csproj", "{348A610D-6DDA-440D-B60F-9130DFF5ED4E}"
EndProject
Project("{FAE04EC0-301F-11D3-BF4B-00C04F79EFBC}") = "12. PutVatPositionP", "12. PutVatPositionP\12. PutVatPositionP.csproj", "{74CCFF9D-9A2D-4448-8909-8E921E247D9C}"
EndProject
Project("{FAE04EC0-301F-11D3-BF4B-00C04F79EFBC}") = "13. ChnageBits3,4,5WithBits24,25,26", "13. ChnageBits3,4,5WithBits24,25,26\13. ChnageBits3,4,5WithBits24,25,26.csproj", "{21EF4704-12EC-40CA-8736-031769781C4A}"
EndProject
Project("{FAE04EC0-301F-11D3-BF4B-00C04F79EFBC}") = "14. ExchangeBitsP...P+k-1WithQ,...Q+k-1", "14. ExchangeBitsP...P+k-1WithQ,...Q+k-1\14. ExchangeBitsP...P+k-1WithQ,...Q+k-1.csproj", "{F65520CE-8DEA-4CE9-BB9C-405B8766A83C}"
EndProject
Project("{FAE04EC0-301F-11D3-BF4B-00C04F79EFBC}") = "15. Test", "15. Test\15. Test.csproj", "{250F9DDE-AFFC-467F-9611-474E2C8C72E9}"
EndProject
Project("{FAE04EC0-301F-11D3-BF4B-00C04F79EFBC}") = "07. IsNumberPrime-solution 2", "07. IsNumberPrime-solution 2\07. IsNumberPrime-solution 2.csproj", "{4A5D7B9D-CB94-494F-A307-1FE274D264D0}"
EndProject
Global
	GlobalSection(SolutionConfigurationPlatforms) = preSolution
		Debug|Any CPU = Debug|Any CPU
		Release|Any CPU = Release|Any CPU
	EndGlobalSection
	GlobalSection(ProjectConfigurationPlatforms) = postSolution
		{F57F4B11-5F86-44B6-BB99-D85ED918814D}.Debug|Any CPU.ActiveCfg = Debug|Any CPU
		{F57F4B11-5F86-44B6-BB99-D85ED918814D}.Debug|Any CPU.Build.0 = Debug|Any CPU
		{F57F4B11-5F86-44B6-BB99-D85ED918814D}.Release|Any CPU.ActiveCfg = Release|Any CPU
		{F57F4B11-5F86-44B6-BB99-D85ED918814D}.Release|Any CPU.Build.0 = Release|Any CPU
		{4A3EEAE9-267D-4C94-A62D-370BCED51699}.Debug|Any CPU.ActiveCfg = Debug|Any CPU
		{4A3EEAE9-267D-4C94-A62D-370BCED51699}.Debug|Any CPU.Build.0 = Debug|Any CPU
		{4A3EEAE9-267D-4C94-A62D-370BCED51699}.Release|Any CPU.ActiveCfg = Release|Any CPU
		{4A3EEAE9-267D-4C94-A62D-370BCED51699}.Release|Any CPU.Build.0 = Release|Any CPU
		{E025355A-D9DE-4298-B25D-F61935461717}.Debug|Any CPU.ActiveCfg = Debug|Any CPU
		{E025355A-D9DE-4298-B25D-F61935461717}.Debug|Any CPU.Build.0 = Debug|Any CPU
		{E025355A-D9DE-4298-B25D-F61935461717}.Release|Any CPU.ActiveCfg = Release|Any CPU
		{E025355A-D9DE-4298-B25D-F61935461717}.Release|Any CPU.Build.0 = Release|Any CPU
		{8D849408-01CA-4F28-8D04-CEA1A9ABA4F0}.Debug|Any CPU.ActiveCfg = Debug|Any CPU
		{8D849408-01CA-4F28-8D04-CEA1A9ABA4F0}.Debug|Any CPU.Build.0 = Debug|Any CPU
		{8D849408-01CA-4F28-8D04-CEA1A9ABA4F0}.Release|Any CPU.ActiveCfg = Release|Any CPU
		{8D849408-01CA-4F28-8D04-CEA1A9ABA4F0}.Release|Any CPU.Build.0 = Release|Any CPU
		{18D94953-D28A-40DF-A8A1-0F309657A2D5}.Debug|Any CPU.ActiveCfg = Debug|Any CPU
		{18D94953-D28A-40DF-A8A1-0F309657A2D5}.Debug|Any CPU.Build.0 = Debug|Any CPU
		{18D94953-D28A-40DF-A8A1-0F309657A2D5}.Release|Any CPU.ActiveCfg = Release|Any CPU
		{18D94953-D28A-40DF-A8A1-0F309657A2D5}.Release|Any CPU.Build.0 = Release|Any CPU
		{06BFB003-F8D2-4ED4-A94A-6A2A9EF91314}.Debug|Any CPU.ActiveCfg = Debug|Any CPU
		{06BFB003-F8D2-4ED4-A94A-6A2A9EF91314}.Debug|Any CPU.Build.0 = Debug|Any CPU
		{06BFB003-F8D2-4ED4-A94A-6A2A9EF91314}.Release|Any CPU.ActiveCfg = Release|Any CPU
		{06BFB003-F8D2-4ED4-A94A-6A2A9EF91314}.Release|Any CPU.Build.0 = Release|Any CPU
		{DC5AE479-97BA-439A-9785-5D6AEA76F225}.Debug|Any CPU.ActiveCfg = Debug|Any CPU
		{DC5AE479-97BA-439A-9785-5D6AEA76F225}.Debug|Any CPU.Build.0 = Debug|Any CPU
		{DC5AE479-97BA-439A-9785-5D6AEA76F225}.Release|Any CPU.ActiveCfg = Release|Any CPU
		{DC5AE479-97BA-439A-9785-5D6AEA76F225}.Release|Any CPU.Build.0 = Release|Any CPU
		{3F023C55-FC78-41C3-AE38-19B7E58D563B}.Debug|Any CPU.ActiveCfg = Debug|Any CPU
		{3F023C55-FC78-41C3-AE38-19B7E58D563B}.Debug|Any CPU.Build.0 = Debug|Any CPU
		{3F023C55-FC78-41C3-AE38-19B7E58D563B}.Release|Any CPU.ActiveCfg = Release|Any CPU
		{3F023C55-FC78-41C3-AE38-19B7E58D563B}.Release|Any CPU.Build.0 = Release|Any CPU
		{61286525-19E8-48A6-BF15-B6BA0EF06D2A}.Debug|Any CPU.ActiveCfg = Debug|Any CPU
		{61286525-19E8-48A6-BF15-B6BA0EF06D2A}.Debug|Any CPU.Build.0 = Debug|Any CPU
		{61286525-19E8-48A6-BF15-B6BA0EF06D2A}.Release|Any CPU.ActiveCfg = Release|Any CPU
		{61286525-19E8-48A6-BF15-B6BA0EF06D2A}.Release|Any CPU.Build.0 = Release|Any CPU
		{8B6DD56A-1161-4EE9-97D0-42E1D2B76A7B}.Debug|Any CPU.ActiveCfg = Debug|Any CPU
		{8B6DD56A-1161-4EE9-97D0-42E1D2B76A7B}.Debug|Any CPU.Build.0 = Debug|Any CPU
		{8B6DD56A-1161-4EE9-97D0-42E1D2B76A7B}.Release|Any CPU.ActiveCfg = Release|Any CPU
		{8B6DD56A-1161-4EE9-97D0-42E1D2B76A7B}.Release|Any CPU.Build.0 = Release|Any CPU
		{348A610D-6DDA-440D-B60F-9130DFF5ED4E}.Debug|Any CPU.ActiveCfg = Debug|Any CPU
		{348A610D-6DDA-440D-B60F-9130DFF5ED4E}.Debug|Any CPU.Build.0 = Debug|Any CPU
		{348A610D-6DDA-440D-B60F-9130DFF5ED4E}.Release|Any CPU.ActiveCfg = Release|Any CPU
		{348A610D-6DDA-440D-B60F-9130DFF5ED4E}.Release|Any CPU.Build.0 = Release|Any CPU
		{74CCFF9D-9A2D-4448-8909-8E921E247D9C}.Debug|Any CPU.ActiveCfg = Debug|Any CPU
		{74CCFF9D-9A2D-4448-8909-8E921E247D9C}.Debug|Any CPU.Build.0 = Debug|Any CPU
		{74CCFF9D-9A2D-4448-8909-8E921E247D9C}.Release|Any CPU.ActiveCfg = Release|Any CPU
		{74CCFF9D-9A2D-4448-8909-8E921E247D9C}.Release|Any CPU.Build.0 = Release|Any CPU
		{21EF4704-12EC-40CA-8736-031769781C4A}.Debug|Any CPU.ActiveCfg = Debug|Any CPU
		{21EF4704-12EC-40CA-8736-031769781C4A}.Debug|Any CPU.Build.0 = Debug|Any CPU
		{21EF4704-12EC-40CA-8736-031769781C4A}.Release|Any CPU.ActiveCfg = Release|Any CPU
		{21EF4704-12EC-40CA-8736-031769781C4A}.Release|Any CPU.Build.0 = Release|Any CPU
		{F65520CE-8DEA-4CE9-BB9C-405B8766A83C}.Debug|Any CPU.ActiveCfg = Debug|Any CPU
		{F65520CE-8DEA-4CE9-BB9C-405B8766A83C}.Debug|Any CPU.Build.0 = Debug|Any CPU
		{F65520CE-8DEA-4CE9-BB9C-405B8766A83C}.Release|Any CPU.ActiveCfg = Release|Any CPU
		{F65520CE-8DEA-4CE9-BB9C-405B8766A83C}.Release|Any CPU.Build.0 = Release|Any CPU
		{250F9DDE-AFFC-467F-9611-474E2C8C72E9}.Debug|Any CPU.ActiveCfg = Debug|Any CPU
		{250F9DDE-AFFC-467F-9611-474E2C8C72E9}.Debug|Any CPU.Build.0 = Debug|Any CPU
		{250F9DDE-AFFC-467F-9611-474E2C8C72E9}.Release|Any CPU.ActiveCfg = Release|Any CPU
		{250F9DDE-AFFC-467F-9611-474E2C8C72E9}.Release|Any CPU.Build.0 = Release|Any CPU
		{4A5D7B9D-CB94-494F-A307-1FE274D264D0}.Debug|Any CPU.ActiveCfg = Debug|Any CPU
		{4A5D7B9D-CB94-494F-A307-1FE274D264D0}.Debug|Any CPU.Build.0 = Debug|Any CPU
		{4A5D7B9D-CB94-494F-A307-1FE274D264D0}.Release|Any CPU.ActiveCfg = Release|Any CPU
		{4A5D7B9D-CB94-494F-A307-1FE274D264D0}.Release|Any CPU.Build.0 = Release|Any CPU
	EndGlobalSection
	GlobalSection(SolutionProperties) = preSolution
		HideSolutionNode = FALSE
	EndGlobalSection
EndGlobal
