
Microsoft Visual Studio Solution File, Format Version 12.00
# Visual Studio 2013
VisualStudioVersion = 12.0.21005.1
MinimumVisualStudioVersion = 10.0.40219.1
Project("{FAE04EC0-301F-11D3-BF4B-00C04F79EFBC}") = "01.CartesianCoordinateSystem", "01.CartesianCoordinateSystem\01.CartesianCoordinateSystem.csproj", "{5DDA3592-BA8D-4AB0-8716-34762B0944BF}"
EndProject
Project("{FAE04EC0-301F-11D3-BF4B-00C04F79EFBC}") = "02. ShipDamage", "02. ShipDamage\02. ShipDamage.csproj", "{76F2F4D4-8C93-4C70-8DEE-12883BD995A1}"
EndProject
Project("{FAE04EC0-301F-11D3-BF4B-00C04F79EFBC}") = "03. FighterAttack", "03. FighterAttack\03. FighterAttack.csproj", "{D08EAFCD-9E6B-467A-B345-2319C513F4E5}"
EndProject
Project("{FAE04EC0-301F-11D3-BF4B-00C04F79EFBC}") = "04. MathExpression", "04. MathExpression\04. MathExpression.csproj", "{CB579357-0D14-4C81-99F5-15097484D003}"
EndProject
Project("{FAE04EC0-301F-11D3-BF4B-00C04F79EFBC}") = "05. SevenlandNumbers", "05. SevenlandNumbers\05. SevenlandNumbers.csproj", "{71B747FF-0426-4226-97F9-A71106A8A8F4}"
EndProject
Project("{FAE04EC0-301F-11D3-BF4B-00C04F79EFBC}") = "05. SevenlandNumbers_ver2(cicles)", "05. SevenlandNumbers_ver2(cicles)\05. SevenlandNumbers_ver2(cicles).csproj", "{BEC8F340-CC5E-4945-8A29-7F7BABA69DC3}"
EndProject
Project("{FAE04EC0-301F-11D3-BF4B-00C04F79EFBC}") = "06. NextDate_verDateTime", "06. NextDate\06. NextDate_verDateTime.csproj", "{14C81B93-B5F4-4C89-BB21-C7410700289A}"
EndProject
Project("{FAE04EC0-301F-11D3-BF4B-00C04F79EFBC}") = "06. NextDate_verConditionals", "06. NextDate_verConditionals\06. NextDate_verConditionals.csproj", "{48F747F5-8C57-41D7-8C06-729F3173B8F5}"
EndProject
Project("{FAE04EC0-301F-11D3-BF4B-00C04F79EFBC}") = "07. TripleRotationOfDigits", "07. TripleRotationOfDigits\07. TripleRotationOfDigits.csproj", "{36AC506C-C658-4E84-A48A-FEA48B0F6696}"
EndProject
Project("{FAE04EC0-301F-11D3-BF4B-00C04F79EFBC}") = "08. UpDownGame", "08. UpDownGame\08. UpDownGame.csproj", "{D6A8412D-9002-48CB-811D-8FF330284FBA}"
EndProject
Project("{FAE04EC0-301F-11D3-BF4B-00C04F79EFBC}") = "15. A-nacci", "15. A-nacci\15. A-nacci.csproj", "{2ABFFC7B-08D3-4C29-88D1-E65DA1C3B9EE}"
EndProject
Project("{FAE04EC0-301F-11D3-BF4B-00C04F79EFBC}") = "16.MissCat", "16.MissCat\16.MissCat.csproj", "{2688FE5B-69D7-4D75-9F4A-677938FAC728}"
EndProject
Project("{FAE04EC0-301F-11D3-BF4B-00C04F79EFBC}") = "18.Tribonacci", "18.Tribonacci\18.Tribonacci.csproj", "{57F5AB45-4199-45A3-9469-B88B99BEC190}"
EndProject
Project("{FAE04EC0-301F-11D3-BF4B-00C04F79EFBC}") = "19.QuadronacciRectangle", "19.QuadronacciRectangle\19.QuadronacciRectangle.csproj", "{7C15A402-60F4-4996-AD6F-91C73CE89955}"
EndProject
Project("{FAE04EC0-301F-11D3-BF4B-00C04F79EFBC}") = "20.Carpets", "20.Carpets\20.Carpets.csproj", "{AD960C23-088F-42F8-A47B-EA7714964115}"
EndProject
Project("{FAE04EC0-301F-11D3-BF4B-00C04F79EFBC}") = "09. FirTree", "09. FirTree\09. FirTree.csproj", "{298F8C98-6451-4836-99E6-57B70834E4A3}"
EndProject
Project("{FAE04EC0-301F-11D3-BF4B-00C04F79EFBC}") = "10. TelerikLogo", "10. TelerikLogo\10. TelerikLogo.csproj", "{2BF167C7-B0F0-4D21-8266-E7CF68AEF1A6}"
EndProject
Project("{FAE04EC0-301F-11D3-BF4B-00C04F79EFBC}") = "11.UKFlag", "11.UKFlag\11.UKFlag.csproj", "{19A57802-BA6F-4F7F-A18E-AF09D6101BD7}"
EndProject
Project("{FAE04EC0-301F-11D3-BF4B-00C04F79EFBC}") = "12.AngryBits", "12.AngryBits\12.AngryBits.csproj", "{1B47453D-D191-489F-9D71-AE972557175F}"
EndProject
Project("{FAE04EC0-301F-11D3-BF4B-00C04F79EFBC}") = "AngryBits - Lecture", "..\..\..\Angry\AngryBits\AngryBits - Lecture.csproj", "{D935A04B-BBFF-432E-873B-727A1469465C}"
EndProject
Project("{FAE04EC0-301F-11D3-BF4B-00C04F79EFBC}") = "13.Pillars", "13.Pillars\13.Pillars.csproj", "{E221AB23-3EE3-440A-9D44-D90D3AEBC361}"
EndProject
Global
	GlobalSection(SolutionConfigurationPlatforms) = preSolution
		Debug|Any CPU = Debug|Any CPU
		Release|Any CPU = Release|Any CPU
	EndGlobalSection
	GlobalSection(ProjectConfigurationPlatforms) = postSolution
		{5DDA3592-BA8D-4AB0-8716-34762B0944BF}.Debug|Any CPU.ActiveCfg = Debug|Any CPU
		{5DDA3592-BA8D-4AB0-8716-34762B0944BF}.Debug|Any CPU.Build.0 = Debug|Any CPU
		{5DDA3592-BA8D-4AB0-8716-34762B0944BF}.Release|Any CPU.ActiveCfg = Release|Any CPU
		{5DDA3592-BA8D-4AB0-8716-34762B0944BF}.Release|Any CPU.Build.0 = Release|Any CPU
		{76F2F4D4-8C93-4C70-8DEE-12883BD995A1}.Debug|Any CPU.ActiveCfg = Debug|Any CPU
		{76F2F4D4-8C93-4C70-8DEE-12883BD995A1}.Debug|Any CPU.Build.0 = Debug|Any CPU
		{76F2F4D4-8C93-4C70-8DEE-12883BD995A1}.Release|Any CPU.ActiveCfg = Release|Any CPU
		{76F2F4D4-8C93-4C70-8DEE-12883BD995A1}.Release|Any CPU.Build.0 = Release|Any CPU
		{D08EAFCD-9E6B-467A-B345-2319C513F4E5}.Debug|Any CPU.ActiveCfg = Debug|Any CPU
		{D08EAFCD-9E6B-467A-B345-2319C513F4E5}.Debug|Any CPU.Build.0 = Debug|Any CPU
		{D08EAFCD-9E6B-467A-B345-2319C513F4E5}.Release|Any CPU.ActiveCfg = Release|Any CPU
		{D08EAFCD-9E6B-467A-B345-2319C513F4E5}.Release|Any CPU.Build.0 = Release|Any CPU
		{CB579357-0D14-4C81-99F5-15097484D003}.Debug|Any CPU.ActiveCfg = Debug|Any CPU
		{CB579357-0D14-4C81-99F5-15097484D003}.Debug|Any CPU.Build.0 = Debug|Any CPU
		{CB579357-0D14-4C81-99F5-15097484D003}.Release|Any CPU.ActiveCfg = Release|Any CPU
		{CB579357-0D14-4C81-99F5-15097484D003}.Release|Any CPU.Build.0 = Release|Any CPU
		{71B747FF-0426-4226-97F9-A71106A8A8F4}.Debug|Any CPU.ActiveCfg = Debug|Any CPU
		{71B747FF-0426-4226-97F9-A71106A8A8F4}.Debug|Any CPU.Build.0 = Debug|Any CPU
		{71B747FF-0426-4226-97F9-A71106A8A8F4}.Release|Any CPU.ActiveCfg = Release|Any CPU
		{71B747FF-0426-4226-97F9-A71106A8A8F4}.Release|Any CPU.Build.0 = Release|Any CPU
		{BEC8F340-CC5E-4945-8A29-7F7BABA69DC3}.Debug|Any CPU.ActiveCfg = Debug|Any CPU
		{BEC8F340-CC5E-4945-8A29-7F7BABA69DC3}.Debug|Any CPU.Build.0 = Debug|Any CPU
		{BEC8F340-CC5E-4945-8A29-7F7BABA69DC3}.Release|Any CPU.ActiveCfg = Release|Any CPU
		{BEC8F340-CC5E-4945-8A29-7F7BABA69DC3}.Release|Any CPU.Build.0 = Release|Any CPU
		{14C81B93-B5F4-4C89-BB21-C7410700289A}.Debug|Any CPU.ActiveCfg = Debug|Any CPU
		{14C81B93-B5F4-4C89-BB21-C7410700289A}.Debug|Any CPU.Build.0 = Debug|Any CPU
		{14C81B93-B5F4-4C89-BB21-C7410700289A}.Release|Any CPU.ActiveCfg = Release|Any CPU
		{14C81B93-B5F4-4C89-BB21-C7410700289A}.Release|Any CPU.Build.0 = Release|Any CPU
		{48F747F5-8C57-41D7-8C06-729F3173B8F5}.Debug|Any CPU.ActiveCfg = Debug|Any CPU
		{48F747F5-8C57-41D7-8C06-729F3173B8F5}.Debug|Any CPU.Build.0 = Debug|Any CPU
		{48F747F5-8C57-41D7-8C06-729F3173B8F5}.Release|Any CPU.ActiveCfg = Release|Any CPU
		{48F747F5-8C57-41D7-8C06-729F3173B8F5}.Release|Any CPU.Build.0 = Release|Any CPU
		{36AC506C-C658-4E84-A48A-FEA48B0F6696}.Debug|Any CPU.ActiveCfg = Debug|Any CPU
		{36AC506C-C658-4E84-A48A-FEA48B0F6696}.Debug|Any CPU.Build.0 = Debug|Any CPU
		{36AC506C-C658-4E84-A48A-FEA48B0F6696}.Release|Any CPU.ActiveCfg = Release|Any CPU
		{36AC506C-C658-4E84-A48A-FEA48B0F6696}.Release|Any CPU.Build.0 = Release|Any CPU
		{D6A8412D-9002-48CB-811D-8FF330284FBA}.Debug|Any CPU.ActiveCfg = Debug|Any CPU
		{D6A8412D-9002-48CB-811D-8FF330284FBA}.Debug|Any CPU.Build.0 = Debug|Any CPU
		{D6A8412D-9002-48CB-811D-8FF330284FBA}.Release|Any CPU.ActiveCfg = Release|Any CPU
		{D6A8412D-9002-48CB-811D-8FF330284FBA}.Release|Any CPU.Build.0 = Release|Any CPU
		{2ABFFC7B-08D3-4C29-88D1-E65DA1C3B9EE}.Debug|Any CPU.ActiveCfg = Debug|Any CPU
		{2ABFFC7B-08D3-4C29-88D1-E65DA1C3B9EE}.Debug|Any CPU.Build.0 = Debug|Any CPU
		{2ABFFC7B-08D3-4C29-88D1-E65DA1C3B9EE}.Release|Any CPU.ActiveCfg = Release|Any CPU
		{2ABFFC7B-08D3-4C29-88D1-E65DA1C3B9EE}.Release|Any CPU.Build.0 = Release|Any CPU
		{2688FE5B-69D7-4D75-9F4A-677938FAC728}.Debug|Any CPU.ActiveCfg = Debug|Any CPU
		{2688FE5B-69D7-4D75-9F4A-677938FAC728}.Debug|Any CPU.Build.0 = Debug|Any CPU
		{2688FE5B-69D7-4D75-9F4A-677938FAC728}.Release|Any CPU.ActiveCfg = Release|Any CPU
		{2688FE5B-69D7-4D75-9F4A-677938FAC728}.Release|Any CPU.Build.0 = Release|Any CPU
		{57F5AB45-4199-45A3-9469-B88B99BEC190}.Debug|Any CPU.ActiveCfg = Debug|Any CPU
		{57F5AB45-4199-45A3-9469-B88B99BEC190}.Debug|Any CPU.Build.0 = Debug|Any CPU
		{57F5AB45-4199-45A3-9469-B88B99BEC190}.Release|Any CPU.ActiveCfg = Release|Any CPU
		{57F5AB45-4199-45A3-9469-B88B99BEC190}.Release|Any CPU.Build.0 = Release|Any CPU
		{7C15A402-60F4-4996-AD6F-91C73CE89955}.Debug|Any CPU.ActiveCfg = Debug|Any CPU
		{7C15A402-60F4-4996-AD6F-91C73CE89955}.Debug|Any CPU.Build.0 = Debug|Any CPU
		{7C15A402-60F4-4996-AD6F-91C73CE89955}.Release|Any CPU.ActiveCfg = Release|Any CPU
		{7C15A402-60F4-4996-AD6F-91C73CE89955}.Release|Any CPU.Build.0 = Release|Any CPU
		{AD960C23-088F-42F8-A47B-EA7714964115}.Debug|Any CPU.ActiveCfg = Debug|Any CPU
		{AD960C23-088F-42F8-A47B-EA7714964115}.Debug|Any CPU.Build.0 = Debug|Any CPU
		{AD960C23-088F-42F8-A47B-EA7714964115}.Release|Any CPU.ActiveCfg = Release|Any CPU
		{AD960C23-088F-42F8-A47B-EA7714964115}.Release|Any CPU.Build.0 = Release|Any CPU
		{298F8C98-6451-4836-99E6-57B70834E4A3}.Debug|Any CPU.ActiveCfg = Debug|Any CPU
		{298F8C98-6451-4836-99E6-57B70834E4A3}.Debug|Any CPU.Build.0 = Debug|Any CPU
		{298F8C98-6451-4836-99E6-57B70834E4A3}.Release|Any CPU.ActiveCfg = Release|Any CPU
		{298F8C98-6451-4836-99E6-57B70834E4A3}.Release|Any CPU.Build.0 = Release|Any CPU
		{2BF167C7-B0F0-4D21-8266-E7CF68AEF1A6}.Debug|Any CPU.ActiveCfg = Debug|Any CPU
		{2BF167C7-B0F0-4D21-8266-E7CF68AEF1A6}.Debug|Any CPU.Build.0 = Debug|Any CPU
		{2BF167C7-B0F0-4D21-8266-E7CF68AEF1A6}.Release|Any CPU.ActiveCfg = Release|Any CPU
		{2BF167C7-B0F0-4D21-8266-E7CF68AEF1A6}.Release|Any CPU.Build.0 = Release|Any CPU
		{19A57802-BA6F-4F7F-A18E-AF09D6101BD7}.Debug|Any CPU.ActiveCfg = Debug|Any CPU
		{19A57802-BA6F-4F7F-A18E-AF09D6101BD7}.Debug|Any CPU.Build.0 = Debug|Any CPU
		{19A57802-BA6F-4F7F-A18E-AF09D6101BD7}.Release|Any CPU.ActiveCfg = Release|Any CPU
		{19A57802-BA6F-4F7F-A18E-AF09D6101BD7}.Release|Any CPU.Build.0 = Release|Any CPU
		{1B47453D-D191-489F-9D71-AE972557175F}.Debug|Any CPU.ActiveCfg = Debug|Any CPU
		{1B47453D-D191-489F-9D71-AE972557175F}.Debug|Any CPU.Build.0 = Debug|Any CPU
		{1B47453D-D191-489F-9D71-AE972557175F}.Release|Any CPU.ActiveCfg = Release|Any CPU
		{1B47453D-D191-489F-9D71-AE972557175F}.Release|Any CPU.Build.0 = Release|Any CPU
		{D935A04B-BBFF-432E-873B-727A1469465C}.Debug|Any CPU.ActiveCfg = Debug|Any CPU
		{D935A04B-BBFF-432E-873B-727A1469465C}.Debug|Any CPU.Build.0 = Debug|Any CPU
		{D935A04B-BBFF-432E-873B-727A1469465C}.Release|Any CPU.ActiveCfg = Release|Any CPU
		{D935A04B-BBFF-432E-873B-727A1469465C}.Release|Any CPU.Build.0 = Release|Any CPU
		{E221AB23-3EE3-440A-9D44-D90D3AEBC361}.Debug|Any CPU.ActiveCfg = Debug|Any CPU
		{E221AB23-3EE3-440A-9D44-D90D3AEBC361}.Debug|Any CPU.Build.0 = Debug|Any CPU
		{E221AB23-3EE3-440A-9D44-D90D3AEBC361}.Release|Any CPU.ActiveCfg = Release|Any CPU
		{E221AB23-3EE3-440A-9D44-D90D3AEBC361}.Release|Any CPU.Build.0 = Release|Any CPU
	EndGlobalSection
	GlobalSection(SolutionProperties) = preSolution
		HideSolutionNode = FALSE
	EndGlobalSection
EndGlobal
