
Microsoft Visual Studio Solution File, Format Version 12.00
# Visual Studio 2013
VisualStudioVersion = 12.0.31101.0
MinimumVisualStudioVersion = 10.0.40219.1
Project("{FAE04EC0-301F-11D3-BF4B-00C04F79EFBC}") = "Shapes", "Shapes\Shapes.csproj", "{A6AD8F90-048D-4358-9A4D-EFDD2A5639DB}"
EndProject
Project("{FAE04EC0-301F-11D3-BF4B-00C04F79EFBC}") = "BankSystem", "BankSystem\BankSystem.csproj", "{1A6FF44A-515D-43F2-A3E4-4C82DB5296B6}"
EndProject
Project("{FAE04EC0-301F-11D3-BF4B-00C04F79EFBC}") = "RangeExceptions", "RangeExceptions\RangeExceptions.csproj", "{D26E46F7-81B5-43CF-B725-86622FBA70FB}"
EndProject
Global
	GlobalSection(SolutionConfigurationPlatforms) = preSolution
		Debug|Any CPU = Debug|Any CPU
		Release|Any CPU = Release|Any CPU
	EndGlobalSection
	GlobalSection(ProjectConfigurationPlatforms) = postSolution
		{A6AD8F90-048D-4358-9A4D-EFDD2A5639DB}.Debug|Any CPU.ActiveCfg = Debug|Any CPU
		{A6AD8F90-048D-4358-9A4D-EFDD2A5639DB}.Debug|Any CPU.Build.0 = Debug|Any CPU
		{A6AD8F90-048D-4358-9A4D-EFDD2A5639DB}.Release|Any CPU.ActiveCfg = Release|Any CPU
		{A6AD8F90-048D-4358-9A4D-EFDD2A5639DB}.Release|Any CPU.Build.0 = Release|Any CPU
		{1A6FF44A-515D-43F2-A3E4-4C82DB5296B6}.Debug|Any CPU.ActiveCfg = Debug|Any CPU
		{1A6FF44A-515D-43F2-A3E4-4C82DB5296B6}.Debug|Any CPU.Build.0 = Debug|Any CPU
		{1A6FF44A-515D-43F2-A3E4-4C82DB5296B6}.Release|Any CPU.ActiveCfg = Release|Any CPU
		{1A6FF44A-515D-43F2-A3E4-4C82DB5296B6}.Release|Any CPU.Build.0 = Release|Any CPU
		{D26E46F7-81B5-43CF-B725-86622FBA70FB}.Debug|Any CPU.ActiveCfg = Debug|Any CPU
		{D26E46F7-81B5-43CF-B725-86622FBA70FB}.Debug|Any CPU.Build.0 = Debug|Any CPU
		{D26E46F7-81B5-43CF-B725-86622FBA70FB}.Release|Any CPU.ActiveCfg = Release|Any CPU
		{D26E46F7-81B5-43CF-B725-86622FBA70FB}.Release|Any CPU.Build.0 = Release|Any CPU
	EndGlobalSection
	GlobalSection(SolutionProperties) = preSolution
		HideSolutionNode = FALSE
	EndGlobalSection
EndGlobal
